# This file is automatically @generated by Poetry 1.6.1 and should not be changed by hand.

[[package]]
name = "anyio"
version = "3.7.1"
description = "High level compatibility layer for multiple asynchronous event loop implementations"
optional = false
python-versions = ">=3.7"
files = [
    {file = "anyio-3.7.1-py3-none-any.whl", hash = "sha256:91dee416e570e92c64041bd18b900d1d6fa78dff7048769ce5ac5ddad004fbb5"},
    {file = "anyio-3.7.1.tar.gz", hash = "sha256:44a3c9aba0f5defa43261a8b3efb97891f2bd7d804e0e1f56419befa1adfc780"},
]

[package.dependencies]
exceptiongroup = {version = "*", markers = "python_version < \"3.11\""}
idna = ">=2.8"
sniffio = ">=1.1"

[package.extras]
doc = ["Sphinx", "packaging", "sphinx-autodoc-typehints (>=1.2.0)", "sphinx-rtd-theme (>=1.2.2)", "sphinxcontrib-jquery"]
test = ["anyio[trio]", "coverage[toml] (>=4.5)", "hypothesis (>=4.0)", "mock (>=4)", "psutil (>=5.9)", "pytest (>=7.0)", "pytest-mock (>=3.6.1)", "trustme", "uvloop (>=0.17)"]
trio = ["trio (<0.22)"]

[[package]]
name = "certifi"
version = "2023.11.17"
description = "Python package for providing Mozilla's CA Bundle."
optional = false
python-versions = ">=3.6"
files = [
    {file = "certifi-2023.11.17-py3-none-any.whl", hash = "sha256:e036ab49d5b79556f99cfc2d9320b34cfbe5be05c5871b51de9329f0603b0474"},
    {file = "certifi-2023.11.17.tar.gz", hash = "sha256:9b469f3a900bf28dc19b8cfbf8019bf47f7fdd1a65a1d4ffb98fc14166beb4d1"},
]

[[package]]
name = "colorama"
version = "0.4.6"
description = "Cross-platform colored terminal text."
optional = false
python-versions = "!=3.0.*,!=3.1.*,!=3.2.*,!=3.3.*,!=3.4.*,!=3.5.*,!=3.6.*,>=2.7"
files = [
    {file = "colorama-0.4.6-py2.py3-none-any.whl", hash = "sha256:4f1d9991f5acc0ca119f9d443620b77f9d6b33703e51011c16baf57afb285fc6"},
    {file = "colorama-0.4.6.tar.gz", hash = "sha256:08695f5cb7ed6e0531a20572697297273c47b8cae5a63ffc6d6ed5c201be6e44"},
]

[[package]]
name = "distro"
version = "1.8.0"
description = "Distro - an OS platform information API"
optional = false
python-versions = ">=3.6"
files = [
    {file = "distro-1.8.0-py3-none-any.whl", hash = "sha256:99522ca3e365cac527b44bde033f64c6945d90eb9f769703caaec52b09bbd3ff"},
    {file = "distro-1.8.0.tar.gz", hash = "sha256:02e111d1dc6a50abb8eed6bf31c3e48ed8b0830d1ea2a1b78c61765c2513fdd8"},
]

[[package]]
name = "exceptiongroup"
version = "1.2.0"
description = "Backport of PEP 654 (exception groups)"
optional = false
python-versions = ">=3.7"
files = [
    {file = "exceptiongroup-1.2.0-py3-none-any.whl", hash = "sha256:4bfd3996ac73b41e9b9628b04e079f193850720ea5945fc96a08633c66912f14"},
    {file = "exceptiongroup-1.2.0.tar.gz", hash = "sha256:91f5c769735f051a4290d52edd0858999b57e5876e9f85937691bd4c9fa3ed68"},
]

[package.extras]
test = ["pytest (>=6)"]

[[package]]
name = "grpcio"
version = "1.60.0"
description = "HTTP/2-based RPC framework"
optional = false
python-versions = ">=3.7"
files = [
    {file = "grpcio-1.60.0-cp310-cp310-linux_armv7l.whl", hash = "sha256:d020cfa595d1f8f5c6b343530cd3ca16ae5aefdd1e832b777f9f0eb105f5b139"},
    {file = "grpcio-1.60.0-cp310-cp310-macosx_12_0_universal2.whl", hash = "sha256:b98f43fcdb16172dec5f4b49f2fece4b16a99fd284d81c6bbac1b3b69fcbe0ff"},
    {file = "grpcio-1.60.0-cp310-cp310-manylinux_2_17_aarch64.whl", hash = "sha256:20e7a4f7ded59097c84059d28230907cd97130fa74f4a8bfd1d8e5ba18c81491"},
    {file = "grpcio-1.60.0-cp310-cp310-manylinux_2_17_i686.manylinux2014_i686.whl", hash = "sha256:452ca5b4afed30e7274445dd9b441a35ece656ec1600b77fff8c216fdf07df43"},
    {file = "grpcio-1.60.0-cp310-cp310-manylinux_2_17_x86_64.manylinux2014_x86_64.whl", hash = "sha256:43e636dc2ce9ece583b3e2ca41df5c983f4302eabc6d5f9cd04f0562ee8ec1ae"},
    {file = "grpcio-1.60.0-cp310-cp310-musllinux_1_1_i686.whl", hash = "sha256:6e306b97966369b889985a562ede9d99180def39ad42c8014628dd3cc343f508"},
    {file = "grpcio-1.60.0-cp310-cp310-musllinux_1_1_x86_64.whl", hash = "sha256:f897c3b127532e6befdcf961c415c97f320d45614daf84deba0a54e64ea2457b"},
    {file = "grpcio-1.60.0-cp310-cp310-win32.whl", hash = "sha256:b87efe4a380887425bb15f220079aa8336276398dc33fce38c64d278164f963d"},
    {file = "grpcio-1.60.0-cp310-cp310-win_amd64.whl", hash = "sha256:a9c7b71211f066908e518a2ef7a5e211670761651039f0d6a80d8d40054047df"},
    {file = "grpcio-1.60.0-cp311-cp311-linux_armv7l.whl", hash = "sha256:fb464479934778d7cc5baf463d959d361954d6533ad34c3a4f1d267e86ee25fd"},
    {file = "grpcio-1.60.0-cp311-cp311-macosx_10_10_universal2.whl", hash = "sha256:4b44d7e39964e808b071714666a812049765b26b3ea48c4434a3b317bac82f14"},
    {file = "grpcio-1.60.0-cp311-cp311-manylinux_2_17_aarch64.whl", hash = "sha256:90bdd76b3f04bdb21de5398b8a7c629676c81dfac290f5f19883857e9371d28c"},
    {file = "grpcio-1.60.0-cp311-cp311-manylinux_2_17_i686.manylinux2014_i686.whl", hash = "sha256:91229d7203f1ef0ab420c9b53fe2ca5c1fbeb34f69b3bc1b5089466237a4a134"},
    {file = "grpcio-1.60.0-cp311-cp311-manylinux_2_17_x86_64.manylinux2014_x86_64.whl", hash = "sha256:3b36a2c6d4920ba88fa98075fdd58ff94ebeb8acc1215ae07d01a418af4c0253"},
    {file = "grpcio-1.60.0-cp311-cp311-musllinux_1_1_i686.whl", hash = "sha256:297eef542156d6b15174a1231c2493ea9ea54af8d016b8ca7d5d9cc65cfcc444"},
    {file = "grpcio-1.60.0-cp311-cp311-musllinux_1_1_x86_64.whl", hash = "sha256:87c9224acba0ad8bacddf427a1c2772e17ce50b3042a789547af27099c5f751d"},
    {file = "grpcio-1.60.0-cp311-cp311-win32.whl", hash = "sha256:95ae3e8e2c1b9bf671817f86f155c5da7d49a2289c5cf27a319458c3e025c320"},
    {file = "grpcio-1.60.0-cp311-cp311-win_amd64.whl", hash = "sha256:467a7d31554892eed2aa6c2d47ded1079fc40ea0b9601d9f79204afa8902274b"},
    {file = "grpcio-1.60.0-cp312-cp312-linux_armv7l.whl", hash = "sha256:a7152fa6e597c20cb97923407cf0934e14224af42c2b8d915f48bc3ad2d9ac18"},
    {file = "grpcio-1.60.0-cp312-cp312-macosx_10_10_universal2.whl", hash = "sha256:7db16dd4ea1b05ada504f08d0dca1cd9b926bed3770f50e715d087c6f00ad748"},
    {file = "grpcio-1.60.0-cp312-cp312-manylinux_2_17_aarch64.whl", hash = "sha256:b0571a5aef36ba9177e262dc88a9240c866d903a62799e44fd4aae3f9a2ec17e"},
    {file = "grpcio-1.60.0-cp312-cp312-manylinux_2_17_i686.manylinux2014_i686.whl", hash = "sha256:6fd9584bf1bccdfff1512719316efa77be235469e1e3295dce64538c4773840b"},
    {file = "grpcio-1.60.0-cp312-cp312-manylinux_2_17_x86_64.manylinux2014_x86_64.whl", hash = "sha256:d6a478581b1a1a8fdf3318ecb5f4d0cda41cacdffe2b527c23707c9c1b8fdb55"},
    {file = "grpcio-1.60.0-cp312-cp312-musllinux_1_1_i686.whl", hash = "sha256:77c8a317f0fd5a0a2be8ed5cbe5341537d5c00bb79b3bb27ba7c5378ba77dbca"},
    {file = "grpcio-1.60.0-cp312-cp312-musllinux_1_1_x86_64.whl", hash = "sha256:1c30bb23a41df95109db130a6cc1b974844300ae2e5d68dd4947aacba5985aa5"},
    {file = "grpcio-1.60.0-cp312-cp312-win32.whl", hash = "sha256:2aef56e85901c2397bd557c5ba514f84de1f0ae5dd132f5d5fed042858115951"},
    {file = "grpcio-1.60.0-cp312-cp312-win_amd64.whl", hash = "sha256:e381fe0c2aa6c03b056ad8f52f8efca7be29fb4d9ae2f8873520843b6039612a"},
    {file = "grpcio-1.60.0-cp37-cp37m-linux_armv7l.whl", hash = "sha256:92f88ca1b956eb8427a11bb8b4a0c0b2b03377235fc5102cb05e533b8693a415"},
    {file = "grpcio-1.60.0-cp37-cp37m-macosx_10_10_universal2.whl", hash = "sha256:e278eafb406f7e1b1b637c2cf51d3ad45883bb5bd1ca56bc05e4fc135dfdaa65"},
    {file = "grpcio-1.60.0-cp37-cp37m-manylinux_2_17_aarch64.whl", hash = "sha256:a48edde788b99214613e440fce495bbe2b1e142a7f214cce9e0832146c41e324"},
    {file = "grpcio-1.60.0-cp37-cp37m-manylinux_2_17_i686.manylinux2014_i686.whl", hash = "sha256:de2ad69c9a094bf37c1102b5744c9aec6cf74d2b635558b779085d0263166454"},
    {file = "grpcio-1.60.0-cp37-cp37m-manylinux_2_17_x86_64.manylinux2014_x86_64.whl", hash = "sha256:073f959c6f570797272f4ee9464a9997eaf1e98c27cb680225b82b53390d61e6"},
    {file = "grpcio-1.60.0-cp37-cp37m-musllinux_1_1_i686.whl", hash = "sha256:c826f93050c73e7769806f92e601e0efdb83ec8d7c76ddf45d514fee54e8e619"},
    {file = "grpcio-1.60.0-cp37-cp37m-musllinux_1_1_x86_64.whl", hash = "sha256:9e30be89a75ee66aec7f9e60086fadb37ff8c0ba49a022887c28c134341f7179"},
    {file = "grpcio-1.60.0-cp37-cp37m-win_amd64.whl", hash = "sha256:b0fb2d4801546598ac5cd18e3ec79c1a9af8b8f2a86283c55a5337c5aeca4b1b"},
    {file = "grpcio-1.60.0-cp38-cp38-linux_armv7l.whl", hash = "sha256:9073513ec380434eb8d21970e1ab3161041de121f4018bbed3146839451a6d8e"},
    {file = "grpcio-1.60.0-cp38-cp38-macosx_10_10_universal2.whl", hash = "sha256:74d7d9fa97809c5b892449b28a65ec2bfa458a4735ddad46074f9f7d9550ad13"},
    {file = "grpcio-1.60.0-cp38-cp38-manylinux_2_17_aarch64.whl", hash = "sha256:1434ca77d6fed4ea312901122dc8da6c4389738bf5788f43efb19a838ac03ead"},
    {file = "grpcio-1.60.0-cp38-cp38-manylinux_2_17_i686.manylinux2014_i686.whl", hash = "sha256:e61e76020e0c332a98290323ecfec721c9544f5b739fab925b6e8cbe1944cf19"},
    {file = "grpcio-1.60.0-cp38-cp38-manylinux_2_17_x86_64.manylinux2014_x86_64.whl", hash = "sha256:675997222f2e2f22928fbba640824aebd43791116034f62006e19730715166c0"},
    {file = "grpcio-1.60.0-cp38-cp38-musllinux_1_1_i686.whl", hash = "sha256:5208a57eae445ae84a219dfd8b56e04313445d146873117b5fa75f3245bc1390"},
    {file = "grpcio-1.60.0-cp38-cp38-musllinux_1_1_x86_64.whl", hash = "sha256:428d699c8553c27e98f4d29fdc0f0edc50e9a8a7590bfd294d2edb0da7be3629"},
    {file = "grpcio-1.60.0-cp38-cp38-win32.whl", hash = "sha256:83f2292ae292ed5a47cdcb9821039ca8e88902923198f2193f13959360c01860"},
    {file = "grpcio-1.60.0-cp38-cp38-win_amd64.whl", hash = "sha256:705a68a973c4c76db5d369ed573fec3367d7d196673fa86614b33d8c8e9ebb08"},
    {file = "grpcio-1.60.0-cp39-cp39-linux_armv7l.whl", hash = "sha256:c193109ca4070cdcaa6eff00fdb5a56233dc7610216d58fb81638f89f02e4968"},
    {file = "grpcio-1.60.0-cp39-cp39-macosx_10_10_universal2.whl", hash = "sha256:676e4a44e740deaba0f4d95ba1d8c5c89a2fcc43d02c39f69450b1fa19d39590"},
    {file = "grpcio-1.60.0-cp39-cp39-manylinux_2_17_aarch64.whl", hash = "sha256:5ff21e000ff2f658430bde5288cb1ac440ff15c0d7d18b5fb222f941b46cb0d2"},
    {file = "grpcio-1.60.0-cp39-cp39-manylinux_2_17_i686.manylinux2014_i686.whl", hash = "sha256:4c86343cf9ff7b2514dd229bdd88ebba760bd8973dac192ae687ff75e39ebfab"},
    {file = "grpcio-1.60.0-cp39-cp39-manylinux_2_17_x86_64.manylinux2014_x86_64.whl", hash = "sha256:0fd3b3968ffe7643144580f260f04d39d869fcc2cddb745deef078b09fd2b328"},
    {file = "grpcio-1.60.0-cp39-cp39-musllinux_1_1_i686.whl", hash = "sha256:30943b9530fe3620e3b195c03130396cd0ee3a0d10a66c1bee715d1819001eaf"},
    {file = "grpcio-1.60.0-cp39-cp39-musllinux_1_1_x86_64.whl", hash = "sha256:b10241250cb77657ab315270b064a6c7f1add58af94befa20687e7c8d8603ae6"},
    {file = "grpcio-1.60.0-cp39-cp39-win32.whl", hash = "sha256:79a050889eb8d57a93ed21d9585bb63fca881666fc709f5d9f7f9372f5e7fd03"},
    {file = "grpcio-1.60.0-cp39-cp39-win_amd64.whl", hash = "sha256:8a97a681e82bc11a42d4372fe57898d270a2707f36c45c6676e49ce0d5c41353"},
    {file = "grpcio-1.60.0.tar.gz", hash = "sha256:2199165a1affb666aa24adf0c97436686d0a61bc5fc113c037701fb7c7fceb96"},
]

[package.extras]
protobuf = ["grpcio-tools (>=1.60.0)"]

[[package]]
name = "grpcio-tools"
version = "1.60.0"
description = "Protobuf code generator for gRPC"
optional = false
python-versions = ">=3.7"
files = [
    {file = "grpcio-tools-1.60.0.tar.gz", hash = "sha256:ed30499340228d733ff69fcf4a66590ed7921f94eb5a2bf692258b1280b9dac7"},
    {file = "grpcio_tools-1.60.0-cp310-cp310-linux_armv7l.whl", hash = "sha256:6807b7a3f3e6e594566100bd7fe04a2c42ce6d5792652677f1aaf5aa5adaef3d"},
    {file = "grpcio_tools-1.60.0-cp310-cp310-macosx_12_0_universal2.whl", hash = "sha256:857c5351e9dc33a019700e171163f94fcc7e3ae0f6d2b026b10fda1e3c008ef1"},
    {file = "grpcio_tools-1.60.0-cp310-cp310-manylinux_2_17_aarch64.whl", hash = "sha256:ec0e401e9a43d927d216d5169b03c61163fb52b665c5af2fed851357b15aef88"},
    {file = "grpcio_tools-1.60.0-cp310-cp310-manylinux_2_17_i686.manylinux2014_i686.whl", hash = "sha256:e68dc4474f30cad11a965f0eb5d37720a032b4720afa0ec19dbcea2de73b5aae"},
    {file = "grpcio_tools-1.60.0-cp310-cp310-manylinux_2_17_x86_64.manylinux2014_x86_64.whl", hash = "sha256:bbf0ed772d2ae7e8e5d7281fcc00123923ab130b94f7a843eee9af405918f924"},
    {file = "grpcio_tools-1.60.0-cp310-cp310-musllinux_1_1_i686.whl", hash = "sha256:c771b19dce2bfe06899247168c077d7ab4e273f6655d8174834f9a6034415096"},
    {file = "grpcio_tools-1.60.0-cp310-cp310-musllinux_1_1_x86_64.whl", hash = "sha256:e5614cf0960456d21d8a0f4902e3e5e3bcacc4e400bf22f196e5dd8aabb978b7"},
    {file = "grpcio_tools-1.60.0-cp310-cp310-win32.whl", hash = "sha256:87cf439178f3eb45c1a889b2e4a17cbb4c450230d92c18d9c57e11271e239c55"},
    {file = "grpcio_tools-1.60.0-cp310-cp310-win_amd64.whl", hash = "sha256:687f576d7ff6ce483bc9a196d1ceac45144e8733b953620a026daed8e450bc38"},
    {file = "grpcio_tools-1.60.0-cp311-cp311-linux_armv7l.whl", hash = "sha256:2a8a758701f3ac07ed85f5a4284c6a9ddefcab7913a8e552497f919349e72438"},
    {file = "grpcio_tools-1.60.0-cp311-cp311-macosx_10_10_universal2.whl", hash = "sha256:7c1cde49631732356cb916ee1710507967f19913565ed5f9991e6c9cb37e3887"},
    {file = "grpcio_tools-1.60.0-cp311-cp311-manylinux_2_17_aarch64.whl", hash = "sha256:d941749bd8dc3f8be58fe37183143412a27bec3df8482d5abd6b4ec3f1ac2924"},
    {file = "grpcio_tools-1.60.0-cp311-cp311-manylinux_2_17_i686.manylinux2014_i686.whl", hash = "sha256:9ee35234f1da8fba7ddbc544856ff588243f1128ea778d7a1da3039be829a134"},
    {file = "grpcio_tools-1.60.0-cp311-cp311-manylinux_2_17_x86_64.manylinux2014_x86_64.whl", hash = "sha256:b8f7a5094adb49e85db13ea3df5d99a976c2bdfd83b0ba26af20ebb742ac6786"},
    {file = "grpcio_tools-1.60.0-cp311-cp311-musllinux_1_1_i686.whl", hash = "sha256:24c4ead4a03037beaeb8ef2c90d13d70101e35c9fae057337ed1a9144ef10b53"},
    {file = "grpcio_tools-1.60.0-cp311-cp311-musllinux_1_1_x86_64.whl", hash = "sha256:811abb9c4fb6679e0058dfa123fb065d97b158b71959c0e048e7972bbb82ba0f"},
    {file = "grpcio_tools-1.60.0-cp311-cp311-win32.whl", hash = "sha256:bd2a17b0193fbe4793c215d63ce1e01ae00a8183d81d7c04e77e1dfafc4b2b8a"},
    {file = "grpcio_tools-1.60.0-cp311-cp311-win_amd64.whl", hash = "sha256:b22b1299b666eebd5752ba7719da536075eae3053abcf2898b65f763c314d9da"},
    {file = "grpcio_tools-1.60.0-cp312-cp312-linux_armv7l.whl", hash = "sha256:74025fdd6d1cb7ba4b5d087995339e9a09f0c16cf15dfe56368b23e41ffeaf7a"},
    {file = "grpcio_tools-1.60.0-cp312-cp312-macosx_10_10_universal2.whl", hash = "sha256:5a907a4f1ffba86501b2cdb8682346249ea032b922fc69a92f082ba045cca548"},
    {file = "grpcio_tools-1.60.0-cp312-cp312-manylinux_2_17_aarch64.whl", hash = "sha256:1fbb9554466d560472f07d906bfc8dcaf52f365c2a407015185993e30372a886"},
    {file = "grpcio_tools-1.60.0-cp312-cp312-manylinux_2_17_i686.manylinux2014_i686.whl", hash = "sha256:f10ef47460ce3c6fd400f05fe757b90df63486c9b84d1ecad42dcc5f80c8ac14"},
    {file = "grpcio_tools-1.60.0-cp312-cp312-manylinux_2_17_x86_64.manylinux2014_x86_64.whl", hash = "sha256:321b18f42a70813545e416ddcb8bf20defa407a8114906711c9710a69596ceda"},
    {file = "grpcio_tools-1.60.0-cp312-cp312-musllinux_1_1_i686.whl", hash = "sha256:081336d8258f1a56542aa8a7a5dec99a2b38d902e19fbdd744594783301b0210"},
    {file = "grpcio_tools-1.60.0-cp312-cp312-musllinux_1_1_x86_64.whl", hash = "sha256:addc9b23d6ff729d9f83d4a2846292d4c84f5eb2ec38f08489a6a0d66ac2b91e"},
    {file = "grpcio_tools-1.60.0-cp312-cp312-win32.whl", hash = "sha256:e87cabac7969bdde309575edc2456357667a1b28262b2c1f12580ef48315b19d"},
    {file = "grpcio_tools-1.60.0-cp312-cp312-win_amd64.whl", hash = "sha256:e70d867c120d9849093b0ac24d861e378bc88af2552e743d83b9f642d2caa7c2"},
    {file = "grpcio_tools-1.60.0-cp37-cp37m-linux_armv7l.whl", hash = "sha256:559ce714fe212aaf4abbe1493c5bb8920def00cc77ce0d45266f4fd9d8b3166f"},
    {file = "grpcio_tools-1.60.0-cp37-cp37m-macosx_10_10_universal2.whl", hash = "sha256:7a5263a0f2ddb7b1cfb2349e392cfc4f318722e0f48f886393e06946875d40f3"},
    {file = "grpcio_tools-1.60.0-cp37-cp37m-manylinux_2_17_aarch64.whl", hash = "sha256:18976684a931ca4bcba65c78afa778683aefaae310f353e198b1823bf09775a0"},
    {file = "grpcio_tools-1.60.0-cp37-cp37m-manylinux_2_17_i686.manylinux2014_i686.whl", hash = "sha256:e5c519a0d4ba1ab44a004fa144089738c59278233e2010b2cf4527dc667ff297"},
    {file = "grpcio_tools-1.60.0-cp37-cp37m-manylinux_2_17_x86_64.manylinux2014_x86_64.whl", hash = "sha256:6170873b1e5b6580ebb99e87fb6e4ea4c48785b910bd7af838cc6e44b2bccb04"},
    {file = "grpcio_tools-1.60.0-cp37-cp37m-musllinux_1_1_i686.whl", hash = "sha256:fb4df80868b3e397d5fbccc004c789d2668b622b51a9d2387b4c89c80d31e2c5"},
    {file = "grpcio_tools-1.60.0-cp37-cp37m-musllinux_1_1_x86_64.whl", hash = "sha256:dba6e32c87b4af29b5f475fb2f470f7ee3140bfc128644f17c6c59ddeb670680"},
    {file = "grpcio_tools-1.60.0-cp37-cp37m-win_amd64.whl", hash = "sha256:f610384dee4b1ca705e8da66c5b5fe89a2de3d165c5282c3d1ddf40cb18924e4"},
    {file = "grpcio_tools-1.60.0-cp38-cp38-linux_armv7l.whl", hash = "sha256:4041538f55aad5b3ae7e25ab314d7995d689e968bfc8aa169d939a3160b1e4c6"},
    {file = "grpcio_tools-1.60.0-cp38-cp38-macosx_10_10_universal2.whl", hash = "sha256:2fb4cf74bfe1e707cf10bc9dd38a1ebaa145179453d150febb121c7e9cd749bf"},
    {file = "grpcio_tools-1.60.0-cp38-cp38-manylinux_2_17_aarch64.whl", hash = "sha256:2fd1671c52f96e79a2302c8b1c1f78b8a561664b8b3d6946f20d8f1cc6b4225a"},
    {file = "grpcio_tools-1.60.0-cp38-cp38-manylinux_2_17_i686.manylinux2014_i686.whl", hash = "sha256:dd1e68c232fe01dd5312a8dbe52c50ecd2b5991d517d7f7446af4ba6334ba872"},
    {file = "grpcio_tools-1.60.0-cp38-cp38-manylinux_2_17_x86_64.manylinux2014_x86_64.whl", hash = "sha256:17a32b3da4fc0798cdcec0a9c974ac2a1e98298f151517bf9148294a3b1a5742"},
    {file = "grpcio_tools-1.60.0-cp38-cp38-musllinux_1_1_i686.whl", hash = "sha256:9970d384fb0c084b00945ef57d98d57a8d32be106d8f0bd31387f7cbfe411b5b"},
    {file = "grpcio_tools-1.60.0-cp38-cp38-musllinux_1_1_x86_64.whl", hash = "sha256:5ce6bbd4936977ec1114f2903eb4342781960d521b0d82f73afedb9335251f6f"},
    {file = "grpcio_tools-1.60.0-cp38-cp38-win32.whl", hash = "sha256:2e00de389729ca8d8d1a63c2038703078a887ff738dc31be640b7da9c26d0d4f"},
    {file = "grpcio_tools-1.60.0-cp38-cp38-win_amd64.whl", hash = "sha256:6192184b1f99372ff1d9594bd4b12264e3ff26440daba7eb043726785200ff77"},
    {file = "grpcio_tools-1.60.0-cp39-cp39-linux_armv7l.whl", hash = "sha256:eae27f9b16238e2aaee84c77b5923c6924d6dccb0bdd18435bf42acc8473ae1a"},
    {file = "grpcio_tools-1.60.0-cp39-cp39-macosx_10_10_universal2.whl", hash = "sha256:b96981f3a31b85074b73d97c8234a5ed9053d65a36b18f4a9c45a2120a5b7a0a"},
    {file = "grpcio_tools-1.60.0-cp39-cp39-manylinux_2_17_aarch64.whl", hash = "sha256:1748893efd05cf4a59a175d7fa1e4fbb652f4d84ccaa2109f7869a2be48ed25e"},
    {file = "grpcio_tools-1.60.0-cp39-cp39-manylinux_2_17_i686.manylinux2014_i686.whl", hash = "sha256:7a6fe752205caae534f29fba907e2f59ff79aa42c6205ce9a467e9406cbac68c"},
    {file = "grpcio_tools-1.60.0-cp39-cp39-manylinux_2_17_x86_64.manylinux2014_x86_64.whl", hash = "sha256:3456df087ea61a0972a5bc165aed132ed6ddcc63f5749e572f9fff84540bdbad"},
    {file = "grpcio_tools-1.60.0-cp39-cp39-musllinux_1_1_i686.whl", hash = "sha256:f3d916606dcf5610d4367918245b3d9d8cd0d2ec0b7043d1bbb8c50fe9815c3a"},
    {file = "grpcio_tools-1.60.0-cp39-cp39-musllinux_1_1_x86_64.whl", hash = "sha256:fc01bc1079279ec342f0f1b6a107b3f5dc3169c33369cf96ada6e2e171f74e86"},
    {file = "grpcio_tools-1.60.0-cp39-cp39-win32.whl", hash = "sha256:2dd01257e4feff986d256fa0bac9f56de59dc735eceeeb83de1c126e2e91f653"},
    {file = "grpcio_tools-1.60.0-cp39-cp39-win_amd64.whl", hash = "sha256:1b93ae8ffd18e9af9a965ebca5fa521e89066267de7abdde20721edc04e42721"},
]

[package.dependencies]
grpcio = ">=1.60.0"
protobuf = ">=4.21.6,<5.0dev"
setuptools = "*"

[[package]]
name = "h11"
version = "0.14.0"
description = "A pure-Python, bring-your-own-I/O implementation of HTTP/1.1"
optional = false
python-versions = ">=3.7"
files = [
    {file = "h11-0.14.0-py3-none-any.whl", hash = "sha256:e3fe4ac4b851c468cc8363d500db52c2ead036020723024a109d37346efaa761"},
    {file = "h11-0.14.0.tar.gz", hash = "sha256:8f19fbbe99e72420ff35c00b27a34cb9937e902a8b810e2c88300c6f0a3b699d"},
]

[[package]]
name = "h2"
version = "4.1.0"
description = "HTTP/2 State-Machine based protocol implementation"
optional = false
python-versions = ">=3.6.1"
files = [
    {file = "h2-4.1.0-py3-none-any.whl", hash = "sha256:03a46bcf682256c95b5fd9e9a99c1323584c3eec6440d379b9903d709476bc6d"},
    {file = "h2-4.1.0.tar.gz", hash = "sha256:a83aca08fbe7aacb79fec788c9c0bac936343560ed9ec18b82a13a12c28d2abb"},
]

[package.dependencies]
hpack = ">=4.0,<5"
hyperframe = ">=6.0,<7"

[[package]]
name = "hpack"
version = "4.0.0"
description = "Pure-Python HPACK header compression"
optional = false
python-versions = ">=3.6.1"
files = [
    {file = "hpack-4.0.0-py3-none-any.whl", hash = "sha256:84a076fad3dc9a9f8063ccb8041ef100867b1878b25ef0ee63847a5d53818a6c"},
    {file = "hpack-4.0.0.tar.gz", hash = "sha256:fc41de0c63e687ebffde81187a948221294896f6bdc0ae2312708df339430095"},
]

[[package]]
name = "httpcore"
version = "1.0.2"
description = "A minimal low-level HTTP client."
optional = false
python-versions = ">=3.8"
files = [
    {file = "httpcore-1.0.2-py3-none-any.whl", hash = "sha256:096cc05bca73b8e459a1fc3dcf585148f63e534eae4339559c9b8a8d6399acc7"},
    {file = "httpcore-1.0.2.tar.gz", hash = "sha256:9fc092e4799b26174648e54b74ed5f683132a464e95643b226e00c2ed2fa6535"},
]

[package.dependencies]
certifi = "*"
h11 = ">=0.13,<0.15"

[package.extras]
asyncio = ["anyio (>=4.0,<5.0)"]
http2 = ["h2 (>=3,<5)"]
socks = ["socksio (==1.*)"]
trio = ["trio (>=0.22.0,<0.23.0)"]

[[package]]
name = "httpx"
version = "0.25.2"
description = "The next generation HTTP client."
optional = false
python-versions = ">=3.8"
files = [
    {file = "httpx-0.25.2-py3-none-any.whl", hash = "sha256:a05d3d052d9b2dfce0e3896636467f8a5342fb2b902c819428e1ac65413ca118"},
    {file = "httpx-0.25.2.tar.gz", hash = "sha256:8b8fcaa0c8ea7b05edd69a094e63a2094c4efcb48129fb757361bc423c0ad9e8"},
]

[package.dependencies]
anyio = "*"
certifi = "*"
h2 = {version = ">=3,<5", optional = true, markers = "extra == \"http2\""}
httpcore = "==1.*"
idna = "*"
sniffio = "*"

[package.extras]
brotli = ["brotli", "brotlicffi"]
cli = ["click (==8.*)", "pygments (==2.*)", "rich (>=10,<14)"]
http2 = ["h2 (>=3,<5)"]
socks = ["socksio (==1.*)"]

[[package]]
name = "hyperframe"
version = "6.0.1"
description = "HTTP/2 framing layer for Python"
optional = false
python-versions = ">=3.6.1"
files = [
    {file = "hyperframe-6.0.1-py3-none-any.whl", hash = "sha256:0ec6bafd80d8ad2195c4f03aacba3a8265e57bc4cff261e802bf39970ed02a15"},
    {file = "hyperframe-6.0.1.tar.gz", hash = "sha256:ae510046231dc8e9ecb1a6586f63d2347bf4c8905914aa84ba585ae85f28a914"},
]

[[package]]
name = "idna"
version = "3.6"
description = "Internationalized Domain Names in Applications (IDNA)"
optional = false
python-versions = ">=3.5"
files = [
    {file = "idna-3.6-py3-none-any.whl", hash = "sha256:c05567e9c24a6b9faaa835c4821bad0590fbb9d5779e7caa6e1cc4978e7eb24f"},
    {file = "idna-3.6.tar.gz", hash = "sha256:9ecdbbd083b06798ae1e86adcbfe8ab1479cf864e4ee30fe4e46a003d12491ca"},
]

[[package]]
name = "numpy"
version = "1.26.2"
description = "Fundamental package for array computing in Python"
optional = false
python-versions = ">=3.9"
files = [
    {file = "numpy-1.26.2-cp310-cp310-macosx_10_9_x86_64.whl", hash = "sha256:3703fc9258a4a122d17043e57b35e5ef1c5a5837c3db8be396c82e04c1cf9b0f"},
    {file = "numpy-1.26.2-cp310-cp310-macosx_11_0_arm64.whl", hash = "sha256:cc392fdcbd21d4be6ae1bb4475a03ce3b025cd49a9be5345d76d7585aea69440"},
    {file = "numpy-1.26.2-cp310-cp310-manylinux_2_17_aarch64.manylinux2014_aarch64.whl", hash = "sha256:36340109af8da8805d8851ef1d74761b3b88e81a9bd80b290bbfed61bd2b4f75"},
    {file = "numpy-1.26.2-cp310-cp310-manylinux_2_17_x86_64.manylinux2014_x86_64.whl", hash = "sha256:bcc008217145b3d77abd3e4d5ef586e3bdfba8fe17940769f8aa09b99e856c00"},
    {file = "numpy-1.26.2-cp310-cp310-musllinux_1_1_aarch64.whl", hash = "sha256:3ced40d4e9e18242f70dd02d739e44698df3dcb010d31f495ff00a31ef6014fe"},
    {file = "numpy-1.26.2-cp310-cp310-musllinux_1_1_x86_64.whl", hash = "sha256:b272d4cecc32c9e19911891446b72e986157e6a1809b7b56518b4f3755267523"},
    {file = "numpy-1.26.2-cp310-cp310-win32.whl", hash = "sha256:22f8fc02fdbc829e7a8c578dd8d2e15a9074b630d4da29cda483337e300e3ee9"},
    {file = "numpy-1.26.2-cp310-cp310-win_amd64.whl", hash = "sha256:26c9d33f8e8b846d5a65dd068c14e04018d05533b348d9eaeef6c1bd787f9919"},
    {file = "numpy-1.26.2-cp311-cp311-macosx_10_9_x86_64.whl", hash = "sha256:b96e7b9c624ef3ae2ae0e04fa9b460f6b9f17ad8b4bec6d7756510f1f6c0c841"},
    {file = "numpy-1.26.2-cp311-cp311-macosx_11_0_arm64.whl", hash = "sha256:aa18428111fb9a591d7a9cc1b48150097ba6a7e8299fb56bdf574df650e7d1f1"},
    {file = "numpy-1.26.2-cp311-cp311-manylinux_2_17_aarch64.manylinux2014_aarch64.whl", hash = "sha256:06fa1ed84aa60ea6ef9f91ba57b5ed963c3729534e6e54055fc151fad0423f0a"},
    {file = "numpy-1.26.2-cp311-cp311-manylinux_2_17_x86_64.manylinux2014_x86_64.whl", hash = "sha256:96ca5482c3dbdd051bcd1fce8034603d6ebfc125a7bd59f55b40d8f5d246832b"},
    {file = "numpy-1.26.2-cp311-cp311-musllinux_1_1_aarch64.whl", hash = "sha256:854ab91a2906ef29dc3925a064fcd365c7b4da743f84b123002f6139bcb3f8a7"},
    {file = "numpy-1.26.2-cp311-cp311-musllinux_1_1_x86_64.whl", hash = "sha256:f43740ab089277d403aa07567be138fc2a89d4d9892d113b76153e0e412409f8"},
    {file = "numpy-1.26.2-cp311-cp311-win32.whl", hash = "sha256:a2bbc29fcb1771cd7b7425f98b05307776a6baf43035d3b80c4b0f29e9545186"},
    {file = "numpy-1.26.2-cp311-cp311-win_amd64.whl", hash = "sha256:2b3fca8a5b00184828d12b073af4d0fc5fdd94b1632c2477526f6bd7842d700d"},
    {file = "numpy-1.26.2-cp312-cp312-macosx_10_9_x86_64.whl", hash = "sha256:a4cd6ed4a339c21f1d1b0fdf13426cb3b284555c27ac2f156dfdaaa7e16bfab0"},
    {file = "numpy-1.26.2-cp312-cp312-macosx_11_0_arm64.whl", hash = "sha256:5d5244aabd6ed7f312268b9247be47343a654ebea52a60f002dc70c769048e75"},
    {file = "numpy-1.26.2-cp312-cp312-manylinux_2_17_aarch64.manylinux2014_aarch64.whl", hash = "sha256:6a3cdb4d9c70e6b8c0814239ead47da00934666f668426fc6e94cce869e13fd7"},
    {file = "numpy-1.26.2-cp312-cp312-manylinux_2_17_x86_64.manylinux2014_x86_64.whl", hash = "sha256:aa317b2325f7aa0a9471663e6093c210cb2ae9c0ad824732b307d2c51983d5b6"},
    {file = "numpy-1.26.2-cp312-cp312-musllinux_1_1_aarch64.whl", hash = "sha256:174a8880739c16c925799c018f3f55b8130c1f7c8e75ab0a6fa9d41cab092fd6"},
    {file = "numpy-1.26.2-cp312-cp312-musllinux_1_1_x86_64.whl", hash = "sha256:f79b231bf5c16b1f39c7f4875e1ded36abee1591e98742b05d8a0fb55d8a3eec"},
    {file = "numpy-1.26.2-cp312-cp312-win32.whl", hash = "sha256:4a06263321dfd3598cacb252f51e521a8cb4b6df471bb12a7ee5cbab20ea9167"},
    {file = "numpy-1.26.2-cp312-cp312-win_amd64.whl", hash = "sha256:b04f5dc6b3efdaab541f7857351aac359e6ae3c126e2edb376929bd3b7f92d7e"},
    {file = "numpy-1.26.2-cp39-cp39-macosx_10_9_x86_64.whl", hash = "sha256:4eb8df4bf8d3d90d091e0146f6c28492b0be84da3e409ebef54349f71ed271ef"},
    {file = "numpy-1.26.2-cp39-cp39-macosx_11_0_arm64.whl", hash = "sha256:1a13860fdcd95de7cf58bd6f8bc5a5ef81c0b0625eb2c9a783948847abbef2c2"},
    {file = "numpy-1.26.2-cp39-cp39-manylinux_2_17_aarch64.manylinux2014_aarch64.whl", hash = "sha256:64308ebc366a8ed63fd0bf426b6a9468060962f1a4339ab1074c228fa6ade8e3"},
    {file = "numpy-1.26.2-cp39-cp39-manylinux_2_17_x86_64.manylinux2014_x86_64.whl", hash = "sha256:baf8aab04a2c0e859da118f0b38617e5ee65d75b83795055fb66c0d5e9e9b818"},
    {file = "numpy-1.26.2-cp39-cp39-musllinux_1_1_aarch64.whl", hash = "sha256:d73a3abcac238250091b11caef9ad12413dab01669511779bc9b29261dd50210"},
    {file = "numpy-1.26.2-cp39-cp39-musllinux_1_1_x86_64.whl", hash = "sha256:b361d369fc7e5e1714cf827b731ca32bff8d411212fccd29ad98ad622449cc36"},
    {file = "numpy-1.26.2-cp39-cp39-win32.whl", hash = "sha256:bd3f0091e845164a20bd5a326860c840fe2af79fa12e0469a12768a3ec578d80"},
    {file = "numpy-1.26.2-cp39-cp39-win_amd64.whl", hash = "sha256:2beef57fb031dcc0dc8fa4fe297a742027b954949cabb52a2a376c144e5e6060"},
    {file = "numpy-1.26.2-pp39-pypy39_pp73-macosx_10_9_x86_64.whl", hash = "sha256:1cc3d5029a30fb5f06704ad6b23b35e11309491c999838c31f124fee32107c79"},
    {file = "numpy-1.26.2-pp39-pypy39_pp73-manylinux_2_17_x86_64.manylinux2014_x86_64.whl", hash = "sha256:94cc3c222bb9fb5a12e334d0479b97bb2df446fbe622b470928f5284ffca3f8d"},
    {file = "numpy-1.26.2-pp39-pypy39_pp73-win_amd64.whl", hash = "sha256:fe6b44fb8fcdf7eda4ef4461b97b3f63c466b27ab151bec2366db8b197387841"},
    {file = "numpy-1.26.2.tar.gz", hash = "sha256:f65738447676ab5777f11e6bbbdb8ce11b785e105f690bc45966574816b6d3ea"},
]

[[package]]
name = "openai"
version = "1.3.7"
description = "The official Python library for the openai API"
optional = false
python-versions = ">=3.7.1"
files = [
    {file = "openai-1.3.7-py3-none-any.whl", hash = "sha256:e5c51367a910297e4d1cd33d2298fb87d7edf681edbe012873925ac16f95bee0"},
    {file = "openai-1.3.7.tar.gz", hash = "sha256:18074a0f51f9b49d1ae268c7abc36f7f33212a0c0d08ce11b7053ab2d17798de"},
]

[package.dependencies]
anyio = ">=3.5.0,<4"
distro = ">=1.7.0,<2"
httpx = ">=0.23.0,<1"
pydantic = ">=1.9.0,<3"
sniffio = "*"
tqdm = ">4"
typing-extensions = ">=4.5,<5"

[package.extras]
datalib = ["numpy (>=1)", "pandas (>=1.2.3)", "pandas-stubs (>=1.1.0.11)"]

[[package]]
name = "portalocker"
version = "2.8.2"
description = "Wraps the portalocker recipe for easy usage"
optional = false
python-versions = ">=3.8"
files = [
    {file = "portalocker-2.8.2-py3-none-any.whl", hash = "sha256:cfb86acc09b9aa7c3b43594e19be1345b9d16af3feb08bf92f23d4dce513a28e"},
    {file = "portalocker-2.8.2.tar.gz", hash = "sha256:2b035aa7828e46c58e9b31390ee1f169b98e1066ab10b9a6a861fe7e25ee4f33"},
]

[package.dependencies]
pywin32 = {version = ">=226", markers = "platform_system == \"Windows\""}

[package.extras]
docs = ["sphinx (>=1.7.1)"]
redis = ["redis"]
tests = ["pytest (>=5.4.1)", "pytest-cov (>=2.8.1)", "pytest-mypy (>=0.8.0)", "pytest-timeout (>=2.1.0)", "redis", "sphinx (>=6.0.0)", "types-redis"]

[[package]]
name = "protobuf"
version = "4.25.1"
description = ""
optional = false
python-versions = ">=3.8"
files = [
    {file = "protobuf-4.25.1-cp310-abi3-win32.whl", hash = "sha256:193f50a6ab78a970c9b4f148e7c750cfde64f59815e86f686c22e26b4fe01ce7"},
    {file = "protobuf-4.25.1-cp310-abi3-win_amd64.whl", hash = "sha256:3497c1af9f2526962f09329fd61a36566305e6c72da2590ae0d7d1322818843b"},
    {file = "protobuf-4.25.1-cp37-abi3-macosx_10_9_universal2.whl", hash = "sha256:0bf384e75b92c42830c0a679b0cd4d6e2b36ae0cf3dbb1e1dfdda48a244f4bcd"},
    {file = "protobuf-4.25.1-cp37-abi3-manylinux2014_aarch64.whl", hash = "sha256:0f881b589ff449bf0b931a711926e9ddaad3b35089cc039ce1af50b21a4ae8cb"},
    {file = "protobuf-4.25.1-cp37-abi3-manylinux2014_x86_64.whl", hash = "sha256:ca37bf6a6d0046272c152eea90d2e4ef34593aaa32e8873fc14c16440f22d4b7"},
    {file = "protobuf-4.25.1-cp38-cp38-win32.whl", hash = "sha256:abc0525ae2689a8000837729eef7883b9391cd6aa7950249dcf5a4ede230d5dd"},
    {file = "protobuf-4.25.1-cp38-cp38-win_amd64.whl", hash = "sha256:1484f9e692091450e7edf418c939e15bfc8fc68856e36ce399aed6889dae8bb0"},
    {file = "protobuf-4.25.1-cp39-cp39-win32.whl", hash = "sha256:8bdbeaddaac52d15c6dce38c71b03038ef7772b977847eb6d374fc86636fa510"},
    {file = "protobuf-4.25.1-cp39-cp39-win_amd64.whl", hash = "sha256:becc576b7e6b553d22cbdf418686ee4daa443d7217999125c045ad56322dda10"},
    {file = "protobuf-4.25.1-py3-none-any.whl", hash = "sha256:a19731d5e83ae4737bb2a089605e636077ac001d18781b3cf489b9546c7c80d6"},
    {file = "protobuf-4.25.1.tar.gz", hash = "sha256:57d65074b4f5baa4ab5da1605c02be90ac20c8b40fb137d6a8df9f416b0d0ce2"},
]

[[package]]
name = "pydantic"
version = "1.10.12"
description = "Data validation and settings management using python type hints"
optional = false
python-versions = ">=3.7"
files = [
    {file = "pydantic-1.10.12-cp310-cp310-macosx_10_9_x86_64.whl", hash = "sha256:a1fcb59f2f355ec350073af41d927bf83a63b50e640f4dbaa01053a28b7a7718"},
    {file = "pydantic-1.10.12-cp310-cp310-macosx_11_0_arm64.whl", hash = "sha256:b7ccf02d7eb340b216ec33e53a3a629856afe1c6e0ef91d84a4e6f2fb2ca70fe"},
    {file = "pydantic-1.10.12-cp310-cp310-manylinux_2_17_x86_64.manylinux2014_x86_64.whl", hash = "sha256:8fb2aa3ab3728d950bcc885a2e9eff6c8fc40bc0b7bb434e555c215491bcf48b"},
    {file = "pydantic-1.10.12-cp310-cp310-manylinux_2_5_i686.manylinux1_i686.manylinux_2_17_i686.manylinux2014_i686.whl", hash = "sha256:771735dc43cf8383959dc9b90aa281f0b6092321ca98677c5fb6125a6f56d58d"},
    {file = "pydantic-1.10.12-cp310-cp310-musllinux_1_1_i686.whl", hash = "sha256:ca48477862372ac3770969b9d75f1bf66131d386dba79506c46d75e6b48c1e09"},
    {file = "pydantic-1.10.12-cp310-cp310-musllinux_1_1_x86_64.whl", hash = "sha256:a5e7add47a5b5a40c49b3036d464e3c7802f8ae0d1e66035ea16aa5b7a3923ed"},
    {file = "pydantic-1.10.12-cp310-cp310-win_amd64.whl", hash = "sha256:e4129b528c6baa99a429f97ce733fff478ec955513630e61b49804b6cf9b224a"},
    {file = "pydantic-1.10.12-cp311-cp311-macosx_10_9_x86_64.whl", hash = "sha256:b0d191db0f92dfcb1dec210ca244fdae5cbe918c6050b342d619c09d31eea0cc"},
    {file = "pydantic-1.10.12-cp311-cp311-macosx_11_0_arm64.whl", hash = "sha256:795e34e6cc065f8f498c89b894a3c6da294a936ee71e644e4bd44de048af1405"},
    {file = "pydantic-1.10.12-cp311-cp311-manylinux_2_17_x86_64.manylinux2014_x86_64.whl", hash = "sha256:69328e15cfda2c392da4e713443c7dbffa1505bc9d566e71e55abe14c97ddc62"},
    {file = "pydantic-1.10.12-cp311-cp311-manylinux_2_5_i686.manylinux1_i686.manylinux_2_17_i686.manylinux2014_i686.whl", hash = "sha256:2031de0967c279df0d8a1c72b4ffc411ecd06bac607a212892757db7462fc494"},
    {file = "pydantic-1.10.12-cp311-cp311-musllinux_1_1_i686.whl", hash = "sha256:ba5b2e6fe6ca2b7e013398bc7d7b170e21cce322d266ffcd57cca313e54fb246"},
    {file = "pydantic-1.10.12-cp311-cp311-musllinux_1_1_x86_64.whl", hash = "sha256:2a7bac939fa326db1ab741c9d7f44c565a1d1e80908b3797f7f81a4f86bc8d33"},
    {file = "pydantic-1.10.12-cp311-cp311-win_amd64.whl", hash = "sha256:87afda5539d5140cb8ba9e8b8c8865cb5b1463924d38490d73d3ccfd80896b3f"},
    {file = "pydantic-1.10.12-cp37-cp37m-macosx_10_9_x86_64.whl", hash = "sha256:549a8e3d81df0a85226963611950b12d2d334f214436a19537b2efed61b7639a"},
    {file = "pydantic-1.10.12-cp37-cp37m-manylinux_2_17_x86_64.manylinux2014_x86_64.whl", hash = "sha256:598da88dfa127b666852bef6d0d796573a8cf5009ffd62104094a4fe39599565"},
    {file = "pydantic-1.10.12-cp37-cp37m-manylinux_2_5_i686.manylinux1_i686.manylinux_2_17_i686.manylinux2014_i686.whl", hash = "sha256:ba5c4a8552bff16c61882db58544116d021d0b31ee7c66958d14cf386a5b5350"},
    {file = "pydantic-1.10.12-cp37-cp37m-musllinux_1_1_i686.whl", hash = "sha256:c79e6a11a07da7374f46970410b41d5e266f7f38f6a17a9c4823db80dadf4303"},
    {file = "pydantic-1.10.12-cp37-cp37m-musllinux_1_1_x86_64.whl", hash = "sha256:ab26038b8375581dc832a63c948f261ae0aa21f1d34c1293469f135fa92972a5"},
    {file = "pydantic-1.10.12-cp37-cp37m-win_amd64.whl", hash = "sha256:e0a16d274b588767602b7646fa05af2782576a6cf1022f4ba74cbb4db66f6ca8"},
    {file = "pydantic-1.10.12-cp38-cp38-macosx_10_9_x86_64.whl", hash = "sha256:6a9dfa722316f4acf4460afdf5d41d5246a80e249c7ff475c43a3a1e9d75cf62"},
    {file = "pydantic-1.10.12-cp38-cp38-macosx_11_0_arm64.whl", hash = "sha256:a73f489aebd0c2121ed974054cb2759af8a9f747de120acd2c3394cf84176ccb"},
    {file = "pydantic-1.10.12-cp38-cp38-manylinux_2_17_x86_64.manylinux2014_x86_64.whl", hash = "sha256:6b30bcb8cbfccfcf02acb8f1a261143fab622831d9c0989707e0e659f77a18e0"},
    {file = "pydantic-1.10.12-cp38-cp38-manylinux_2_5_i686.manylinux1_i686.manylinux_2_17_i686.manylinux2014_i686.whl", hash = "sha256:2fcfb5296d7877af406ba1547dfde9943b1256d8928732267e2653c26938cd9c"},
    {file = "pydantic-1.10.12-cp38-cp38-musllinux_1_1_i686.whl", hash = "sha256:2f9a6fab5f82ada41d56b0602606a5506aab165ca54e52bc4545028382ef1c5d"},
    {file = "pydantic-1.10.12-cp38-cp38-musllinux_1_1_x86_64.whl", hash = "sha256:dea7adcc33d5d105896401a1f37d56b47d443a2b2605ff8a969a0ed5543f7e33"},
    {file = "pydantic-1.10.12-cp38-cp38-win_amd64.whl", hash = "sha256:1eb2085c13bce1612da8537b2d90f549c8cbb05c67e8f22854e201bde5d98a47"},
    {file = "pydantic-1.10.12-cp39-cp39-macosx_10_9_x86_64.whl", hash = "sha256:ef6c96b2baa2100ec91a4b428f80d8f28a3c9e53568219b6c298c1125572ebc6"},
    {file = "pydantic-1.10.12-cp39-cp39-macosx_11_0_arm64.whl", hash = "sha256:6c076be61cd0177a8433c0adcb03475baf4ee91edf5a4e550161ad57fc90f523"},
    {file = "pydantic-1.10.12-cp39-cp39-manylinux_2_17_x86_64.manylinux2014_x86_64.whl", hash = "sha256:2d5a58feb9a39f481eda4d5ca220aa8b9d4f21a41274760b9bc66bfd72595b86"},
    {file = "pydantic-1.10.12-cp39-cp39-manylinux_2_5_i686.manylinux1_i686.manylinux_2_17_i686.manylinux2014_i686.whl", hash = "sha256:e5f805d2d5d0a41633651a73fa4ecdd0b3d7a49de4ec3fadf062fe16501ddbf1"},
    {file = "pydantic-1.10.12-cp39-cp39-musllinux_1_1_i686.whl", hash = "sha256:1289c180abd4bd4555bb927c42ee42abc3aee02b0fb2d1223fb7c6e5bef87dbe"},
    {file = "pydantic-1.10.12-cp39-cp39-musllinux_1_1_x86_64.whl", hash = "sha256:5d1197e462e0364906cbc19681605cb7c036f2475c899b6f296104ad42b9f5fb"},
    {file = "pydantic-1.10.12-cp39-cp39-win_amd64.whl", hash = "sha256:fdbdd1d630195689f325c9ef1a12900524dceb503b00a987663ff4f58669b93d"},
    {file = "pydantic-1.10.12-py3-none-any.whl", hash = "sha256:b749a43aa51e32839c9d71dc67eb1e4221bb04af1033a32e3923d46f9effa942"},
    {file = "pydantic-1.10.12.tar.gz", hash = "sha256:0fe8a415cea8f340e7a9af9c54fc71a649b43e8ca3cc732986116b3cb135d303"},
]

[package.dependencies]
typing-extensions = ">=4.2.0"

[package.extras]
dotenv = ["python-dotenv (>=0.10.4)"]
email = ["email-validator (>=1.0.3)"]

[[package]]
name = "pywin32"
version = "306"
description = "Python for Window Extensions"
optional = false
python-versions = "*"
files = [
    {file = "pywin32-306-cp310-cp310-win32.whl", hash = "sha256:06d3420a5155ba65f0b72f2699b5bacf3109f36acbe8923765c22938a69dfc8d"},
    {file = "pywin32-306-cp310-cp310-win_amd64.whl", hash = "sha256:84f4471dbca1887ea3803d8848a1616429ac94a4a8d05f4bc9c5dcfd42ca99c8"},
    {file = "pywin32-306-cp311-cp311-win32.whl", hash = "sha256:e65028133d15b64d2ed8f06dd9fbc268352478d4f9289e69c190ecd6818b6407"},
    {file = "pywin32-306-cp311-cp311-win_amd64.whl", hash = "sha256:a7639f51c184c0272e93f244eb24dafca9b1855707d94c192d4a0b4c01e1100e"},
    {file = "pywin32-306-cp311-cp311-win_arm64.whl", hash = "sha256:70dba0c913d19f942a2db25217d9a1b726c278f483a919f1abfed79c9cf64d3a"},
    {file = "pywin32-306-cp312-cp312-win32.whl", hash = "sha256:383229d515657f4e3ed1343da8be101000562bf514591ff383ae940cad65458b"},
    {file = "pywin32-306-cp312-cp312-win_amd64.whl", hash = "sha256:37257794c1ad39ee9be652da0462dc2e394c8159dfd913a8a4e8eb6fd346da0e"},
    {file = "pywin32-306-cp312-cp312-win_arm64.whl", hash = "sha256:5821ec52f6d321aa59e2db7e0a35b997de60c201943557d108af9d4ae1ec7040"},
    {file = "pywin32-306-cp37-cp37m-win32.whl", hash = "sha256:1c73ea9a0d2283d889001998059f5eaaba3b6238f767c9cf2833b13e6a685f65"},
    {file = "pywin32-306-cp37-cp37m-win_amd64.whl", hash = "sha256:72c5f621542d7bdd4fdb716227be0dd3f8565c11b280be6315b06ace35487d36"},
    {file = "pywin32-306-cp38-cp38-win32.whl", hash = "sha256:e4c092e2589b5cf0d365849e73e02c391c1349958c5ac3e9d5ccb9a28e017b3a"},
    {file = "pywin32-306-cp38-cp38-win_amd64.whl", hash = "sha256:e8ac1ae3601bee6ca9f7cb4b5363bf1c0badb935ef243c4733ff9a393b1690c0"},
    {file = "pywin32-306-cp39-cp39-win32.whl", hash = "sha256:e25fd5b485b55ac9c057f67d94bc203f3f6595078d1fb3b458c9c28b7153a802"},
    {file = "pywin32-306-cp39-cp39-win_amd64.whl", hash = "sha256:39b61c15272833b5c329a2989999dcae836b1eed650252ab1b7bfbe1d59f30f4"},
]

[[package]]
name = "qdrant-client"
version = "1.6.9"
description = "Client library for the Qdrant vector search engine"
optional = false
python-versions = ">=3.8,<3.13"
files = [
    {file = "qdrant_client-1.6.9-py3-none-any.whl", hash = "sha256:6546f96ceec389375e323586f0948a04183bd494c5c48d0f3daa267b358ad008"},
    {file = "qdrant_client-1.6.9.tar.gz", hash = "sha256:81affd66f50aa66d60835fe2f55efe727358bf9db24eada35ff1b32794a82159"},
]

[package.dependencies]
grpcio = ">=1.41.0"
grpcio-tools = ">=1.41.0"
httpx = {version = ">=0.14.0", extras = ["http2"]}
numpy = {version = ">=1.21", markers = "python_version >= \"3.8\" and python_version < \"3.12\""}
portalocker = ">=2.7.0,<3.0.0"
pydantic = ">=1.10.8"
urllib3 = ">=1.26.14,<2.0.0"

[package.extras]
fastembed = ["fastembed (==0.1.1)"]

[[package]]
name = "setuptools"
version = "69.0.2"
description = "Easily download, build, install, upgrade, and uninstall Python packages"
optional = false
python-versions = ">=3.8"
files = [
    {file = "setuptools-69.0.2-py3-none-any.whl", hash = "sha256:1e8fdff6797d3865f37397be788a4e3cba233608e9b509382a2777d25ebde7f2"},
    {file = "setuptools-69.0.2.tar.gz", hash = "sha256:735896e78a4742605974de002ac60562d286fa8051a7e2299445e8e8fbb01aa6"},
]

[package.extras]
docs = ["furo", "jaraco.packaging (>=9.3)", "jaraco.tidelift (>=1.4)", "pygments-github-lexers (==0.0.5)", "rst.linker (>=1.9)", "sphinx (<7.2.5)", "sphinx (>=3.5)", "sphinx-favicon", "sphinx-inline-tabs", "sphinx-lint", "sphinx-notfound-page (>=1,<2)", "sphinx-reredirects", "sphinxcontrib-towncrier"]
testing = ["build[virtualenv]", "filelock (>=3.4.0)", "flake8-2020", "ini2toml[lite] (>=0.9)", "jaraco.develop (>=7.21)", "jaraco.envs (>=2.2)", "jaraco.path (>=3.2.0)", "pip (>=19.1)", "pytest (>=6)", "pytest-black (>=0.3.7)", "pytest-checkdocs (>=2.4)", "pytest-cov", "pytest-enabler (>=2.2)", "pytest-mypy (>=0.9.1)", "pytest-perf", "pytest-ruff", "pytest-timeout", "pytest-xdist", "tomli-w (>=1.0.0)", "virtualenv (>=13.0.0)", "wheel"]
testing-integration = ["build[virtualenv] (>=1.0.3)", "filelock (>=3.4.0)", "jaraco.envs (>=2.2)", "jaraco.path (>=3.2.0)", "packaging (>=23.1)", "pytest", "pytest-enabler", "pytest-xdist", "tomli", "virtualenv (>=13.0.0)", "wheel"]

[[package]]
name = "sniffio"
version = "1.3.0"
description = "Sniff out which async library your code is running under"
optional = false
python-versions = ">=3.7"
files = [
    {file = "sniffio-1.3.0-py3-none-any.whl", hash = "sha256:eecefdce1e5bbfb7ad2eeaabf7c1eeb404d7757c379bd1f7e5cce9d8bf425384"},
    {file = "sniffio-1.3.0.tar.gz", hash = "sha256:e60305c5e5d314f5389259b7f22aaa33d8f7dee49763119234af3755c55b9101"},
]

[[package]]
name = "tqdm"
version = "4.66.1"
description = "Fast, Extensible Progress Meter"
optional = false
python-versions = ">=3.7"
files = [
    {file = "tqdm-4.66.1-py3-none-any.whl", hash = "sha256:d302b3c5b53d47bce91fea46679d9c3c6508cf6332229aa1e7d8653723793386"},
    {file = "tqdm-4.66.1.tar.gz", hash = "sha256:d88e651f9db8d8551a62556d3cff9e3034274ca5d66e93197cf2490e2dcb69c7"},
]

[package.dependencies]
colorama = {version = "*", markers = "platform_system == \"Windows\""}

[package.extras]
dev = ["pytest (>=6)", "pytest-cov", "pytest-timeout", "pytest-xdist"]
notebook = ["ipywidgets (>=6)"]
slack = ["slack-sdk"]
telegram = ["requests"]

[[package]]
name = "typing-extensions"
version = "4.8.0"
description = "Backported and Experimental Type Hints for Python 3.8+"
optional = false
python-versions = ">=3.8"
files = [
    {file = "typing_extensions-4.8.0-py3-none-any.whl", hash = "sha256:8f92fc8806f9a6b641eaa5318da32b44d401efaac0f6678c9bc448ba3605faa0"},
    {file = "typing_extensions-4.8.0.tar.gz", hash = "sha256:df8e4339e9cb77357558cbdbceca33c303714cf861d1eef15e1070055ae8b7ef"},
]

[[package]]
name = "urllib3"
version = "1.26.18"
description = "HTTP library with thread-safe connection pooling, file post, and more."
optional = false
python-versions = ">=2.7, !=3.0.*, !=3.1.*, !=3.2.*, !=3.3.*, !=3.4.*, !=3.5.*"
files = [
    {file = "urllib3-1.26.18-py2.py3-none-any.whl", hash = "sha256:34b97092d7e0a3a8cf7cd10e386f401b3737364026c45e622aa02903dffe0f07"},
    {file = "urllib3-1.26.18.tar.gz", hash = "sha256:f8ecc1bba5667413457c529ab955bf8c67b45db799d159066261719e328580a0"},
]

[package.extras]
brotli = ["brotli (==1.0.9)", "brotli (>=1.0.9)", "brotlicffi (>=0.8.0)", "brotlipy (>=0.6.0)"]
secure = ["certifi", "cryptography (>=1.3.4)", "idna (>=2.0.0)", "ipaddress", "pyOpenSSL (>=0.14)", "urllib3-secure-extra"]
socks = ["PySocks (>=1.5.6,!=1.5.7,<2.0)"]

[metadata]
lock-version = "2.0"
python-versions = ">=3.9,<3.12"
content-hash = "2728666558b89dd0a54cd34a551719ca11b67e192df9482e3578f452e7399862"
