# This file is automatically @generated by Poetry 1.6.1 and should not be changed by hand.

[[package]]
name = "anyio"
version = "3.7.1"
description = "High level compatibility layer for multiple asynchronous event loop implementations"
optional = false
python-versions = ">=3.7"
files = [
    {file = "anyio-3.7.1-py3-none-any.whl", hash = "sha256:91dee416e570e92c64041bd18b900d1d6fa78dff7048769ce5ac5ddad004fbb5"},
    {file = "anyio-3.7.1.tar.gz", hash = "sha256:44a3c9aba0f5defa43261a8b3efb97891f2bd7d804e0e1f56419befa1adfc780"},
]

[package.dependencies]
exceptiongroup = {version = "*", markers = "python_version < \"3.11\""}
idna = ">=2.8"
sniffio = ">=1.1"

[package.extras]
doc = ["Sphinx", "packaging", "sphinx-autodoc-typehints (>=1.2.0)", "sphinx-rtd-theme (>=1.2.2)", "sphinxcontrib-jquery"]
test = ["anyio[trio]", "coverage[toml] (>=4.5)", "hypothesis (>=4.0)", "mock (>=4)", "psutil (>=5.9)", "pytest (>=7.0)", "pytest-mock (>=3.6.1)", "trustme", "uvloop (>=0.17)"]
trio = ["trio (<0.22)"]

[[package]]
name = "certifi"
version = "2023.11.17"
description = "Python package for providing Mozilla's CA Bundle."
optional = false
python-versions = ">=3.6"
files = [
    {file = "certifi-2023.11.17-py3-none-any.whl", hash = "sha256:e036ab49d5b79556f99cfc2d9320b34cfbe5be05c5871b51de9329f0603b0474"},
    {file = "certifi-2023.11.17.tar.gz", hash = "sha256:9b469f3a900bf28dc19b8cfbf8019bf47f7fdd1a65a1d4ffb98fc14166beb4d1"},
]

[[package]]
name = "colorama"
version = "0.4.6"
description = "Cross-platform colored terminal text."
optional = false
python-versions = "!=3.0.*,!=3.1.*,!=3.2.*,!=3.3.*,!=3.4.*,!=3.5.*,!=3.6.*,>=2.7"
files = [
    {file = "colorama-0.4.6-py2.py3-none-any.whl", hash = "sha256:4f1d9991f5acc0ca119f9d443620b77f9d6b33703e51011c16baf57afb285fc6"},
    {file = "colorama-0.4.6.tar.gz", hash = "sha256:08695f5cb7ed6e0531a20572697297273c47b8cae5a63ffc6d6ed5c201be6e44"},
]

[[package]]
name = "distro"
version = "1.8.0"
description = "Distro - an OS platform information API"
optional = false
python-versions = ">=3.6"
files = [
    {file = "distro-1.8.0-py3-none-any.whl", hash = "sha256:99522ca3e365cac527b44bde033f64c6945d90eb9f769703caaec52b09bbd3ff"},
    {file = "distro-1.8.0.tar.gz", hash = "sha256:02e111d1dc6a50abb8eed6bf31c3e48ed8b0830d1ea2a1b78c61765c2513fdd8"},
]

[[package]]
name = "exceptiongroup"
version = "1.2.0"
description = "Backport of PEP 654 (exception groups)"
optional = false
python-versions = ">=3.7"
files = [
    {file = "exceptiongroup-1.2.0-py3-none-any.whl", hash = "sha256:4bfd3996ac73b41e9b9628b04e079f193850720ea5945fc96a08633c66912f14"},
    {file = "exceptiongroup-1.2.0.tar.gz", hash = "sha256:91f5c769735f051a4290d52edd0858999b57e5876e9f85937691bd4c9fa3ed68"},
]

[package.extras]
test = ["pytest (>=6)"]

[[package]]
name = "grpcio"
version = "1.59.3"
description = "HTTP/2-based RPC framework"
optional = false
python-versions = ">=3.7"
files = [
    {file = "grpcio-1.59.3-cp310-cp310-linux_armv7l.whl", hash = "sha256:aca028a6c7806e5b61e5f9f4232432c52856f7fcb98e330b20b6bc95d657bdcc"},
    {file = "grpcio-1.59.3-cp310-cp310-macosx_12_0_universal2.whl", hash = "sha256:19ad26a7967f7999c8960d2b9fe382dae74c55b0c508c613a6c2ba21cddf2354"},
    {file = "grpcio-1.59.3-cp310-cp310-manylinux_2_17_aarch64.whl", hash = "sha256:72b71dad2a3d1650e69ad42a5c4edbc59ee017f08c32c95694172bc501def23c"},
    {file = "grpcio-1.59.3-cp310-cp310-manylinux_2_17_i686.manylinux2014_i686.whl", hash = "sha256:c0f0a11d82d0253656cc42e04b6a149521e02e755fe2e4edd21123de610fd1d4"},
    {file = "grpcio-1.59.3-cp310-cp310-manylinux_2_17_x86_64.manylinux2014_x86_64.whl", hash = "sha256:60cddafb70f9a2c81ba251b53b4007e07cca7389e704f86266e22c4bffd8bf1d"},
    {file = "grpcio-1.59.3-cp310-cp310-musllinux_1_1_i686.whl", hash = "sha256:6c75a1fa0e677c1d2b6d4196ad395a5c381dfb8385f07ed034ef667cdcdbcc25"},
    {file = "grpcio-1.59.3-cp310-cp310-musllinux_1_1_x86_64.whl", hash = "sha256:e1d8e01438d5964a11167eec1edb5f85ed8e475648f36c834ed5db4ffba24ac8"},
    {file = "grpcio-1.59.3-cp310-cp310-win32.whl", hash = "sha256:c4b0076f0bf29ee62335b055a9599f52000b7941f577daa001c7ef961a1fbeab"},
    {file = "grpcio-1.59.3-cp310-cp310-win_amd64.whl", hash = "sha256:b1f00a3e6e0c3dccccffb5579fc76ebfe4eb40405ba308505b41ef92f747746a"},
    {file = "grpcio-1.59.3-cp311-cp311-linux_armv7l.whl", hash = "sha256:3996aaa21231451161dc29df6a43fcaa8b332042b6150482c119a678d007dd86"},
    {file = "grpcio-1.59.3-cp311-cp311-macosx_10_10_universal2.whl", hash = "sha256:cb4e9cbd9b7388fcb06412da9f188c7803742d06d6f626304eb838d1707ec7e3"},
    {file = "grpcio-1.59.3-cp311-cp311-manylinux_2_17_aarch64.whl", hash = "sha256:8022ca303d6c694a0d7acfb2b472add920217618d3a99eb4b14edc7c6a7e8fcf"},
    {file = "grpcio-1.59.3-cp311-cp311-manylinux_2_17_i686.manylinux2014_i686.whl", hash = "sha256:b36683fad5664283755a7f4e2e804e243633634e93cd798a46247b8e54e3cb0d"},
    {file = "grpcio-1.59.3-cp311-cp311-manylinux_2_17_x86_64.manylinux2014_x86_64.whl", hash = "sha256:8239b853226e4824e769517e1b5232e7c4dda3815b200534500338960fcc6118"},
    {file = "grpcio-1.59.3-cp311-cp311-musllinux_1_1_i686.whl", hash = "sha256:0511af8653fbda489ff11d542a08505d56023e63cafbda60e6e00d4e0bae86ea"},
    {file = "grpcio-1.59.3-cp311-cp311-musllinux_1_1_x86_64.whl", hash = "sha256:e78dc982bda74cef2ddfce1c91d29b96864c4c680c634e279ed204d51e227473"},
    {file = "grpcio-1.59.3-cp311-cp311-win32.whl", hash = "sha256:6a5c3a96405966c023e139c3bcccb2c7c776a6f256ac6d70f8558c9041bdccc3"},
    {file = "grpcio-1.59.3-cp311-cp311-win_amd64.whl", hash = "sha256:ed26826ee423b11477297b187371cdf4fa1eca874eb1156422ef3c9a60590dd9"},
    {file = "grpcio-1.59.3-cp312-cp312-linux_armv7l.whl", hash = "sha256:45dddc5cb5227d30fa43652d8872dc87f086d81ab4b500be99413bad0ae198d7"},
    {file = "grpcio-1.59.3-cp312-cp312-macosx_10_10_universal2.whl", hash = "sha256:1736496d74682e53dd0907fd515f2694d8e6a96c9a359b4080b2504bf2b2d91b"},
    {file = "grpcio-1.59.3-cp312-cp312-manylinux_2_17_aarch64.whl", hash = "sha256:ddbd1a16138e52e66229047624de364f88a948a4d92ba20e4e25ad7d22eef025"},
    {file = "grpcio-1.59.3-cp312-cp312-manylinux_2_17_i686.manylinux2014_i686.whl", hash = "sha256:fcfa56f8d031ffda902c258c84c4b88707f3a4be4827b4e3ab8ec7c24676320d"},
    {file = "grpcio-1.59.3-cp312-cp312-manylinux_2_17_x86_64.manylinux2014_x86_64.whl", hash = "sha256:f2eb8f0c7c0c62f7a547ad7a91ba627a5aa32a5ae8d930783f7ee61680d7eb8d"},
    {file = "grpcio-1.59.3-cp312-cp312-musllinux_1_1_i686.whl", hash = "sha256:8d993399cc65e3a34f8fd48dd9ad7a376734564b822e0160dd18b3d00c1a33f9"},
    {file = "grpcio-1.59.3-cp312-cp312-musllinux_1_1_x86_64.whl", hash = "sha256:c0bd141f4f41907eb90bda74d969c3cb21c1c62779419782a5b3f5e4b5835718"},
    {file = "grpcio-1.59.3-cp312-cp312-win32.whl", hash = "sha256:33b8fd65d4e97efa62baec6171ce51f9cf68f3a8ba9f866f4abc9d62b5c97b79"},
    {file = "grpcio-1.59.3-cp312-cp312-win_amd64.whl", hash = "sha256:0e735ed002f50d4f3cb9ecfe8ac82403f5d842d274c92d99db64cfc998515e07"},
    {file = "grpcio-1.59.3-cp37-cp37m-linux_armv7l.whl", hash = "sha256:ea40ce4404e7cca0724c91a7404da410f0144148fdd58402a5942971e3469b94"},
    {file = "grpcio-1.59.3-cp37-cp37m-macosx_10_10_universal2.whl", hash = "sha256:83113bcc393477b6f7342b9f48e8a054330c895205517edc66789ceea0796b53"},
    {file = "grpcio-1.59.3-cp37-cp37m-manylinux_2_17_aarch64.whl", hash = "sha256:73afbac602b8f1212a50088193601f869b5073efa9855b3e51aaaec97848fc8a"},
    {file = "grpcio-1.59.3-cp37-cp37m-manylinux_2_17_i686.manylinux2014_i686.whl", hash = "sha256:575d61de1950b0b0699917b686b1ca108690702fcc2df127b8c9c9320f93e069"},
    {file = "grpcio-1.59.3-cp37-cp37m-manylinux_2_17_x86_64.manylinux2014_x86_64.whl", hash = "sha256:8cd76057b5c9a4d68814610ef9226925f94c1231bbe533fdf96f6181f7d2ff9e"},
    {file = "grpcio-1.59.3-cp37-cp37m-musllinux_1_1_i686.whl", hash = "sha256:95d6fd804c81efe4879e38bfd84d2b26e339a0a9b797e7615e884ef4686eb47b"},
    {file = "grpcio-1.59.3-cp37-cp37m-musllinux_1_1_x86_64.whl", hash = "sha256:0d42048b8a3286ea4134faddf1f9a59cf98192b94aaa10d910a25613c5eb5bfb"},
    {file = "grpcio-1.59.3-cp37-cp37m-win_amd64.whl", hash = "sha256:4619fea15c64bcdd9d447cdbdde40e3d5f1da3a2e8ae84103d94a9c1df210d7e"},
    {file = "grpcio-1.59.3-cp38-cp38-linux_armv7l.whl", hash = "sha256:95b5506e70284ac03b2005dd9ffcb6708c9ae660669376f0192a710687a22556"},
    {file = "grpcio-1.59.3-cp38-cp38-macosx_10_10_universal2.whl", hash = "sha256:9e17660947660ccfce56c7869032910c179a5328a77b73b37305cd1ee9301c2e"},
    {file = "grpcio-1.59.3-cp38-cp38-manylinux_2_17_aarch64.whl", hash = "sha256:00912ce19914d038851be5cd380d94a03f9d195643c28e3ad03d355cc02ce7e8"},
    {file = "grpcio-1.59.3-cp38-cp38-manylinux_2_17_i686.manylinux2014_i686.whl", hash = "sha256:e58b3cadaa3c90f1efca26ba33e0d408b35b497307027d3d707e4bcd8de862a6"},
    {file = "grpcio-1.59.3-cp38-cp38-manylinux_2_17_x86_64.manylinux2014_x86_64.whl", hash = "sha256:d787ecadea865bdf78f6679f6f5bf4b984f18f659257ba612979df97a298b3c3"},
    {file = "grpcio-1.59.3-cp38-cp38-musllinux_1_1_i686.whl", hash = "sha256:0814942ba1bba269db4e760a34388640c601dece525c6a01f3b4ff030cc0db69"},
    {file = "grpcio-1.59.3-cp38-cp38-musllinux_1_1_x86_64.whl", hash = "sha256:fb111aa99d3180c361a35b5ae1e2c63750220c584a1344229abc139d5c891881"},
    {file = "grpcio-1.59.3-cp38-cp38-win32.whl", hash = "sha256:eb8ba504c726befe40a356ecbe63c6c3c64c9a439b3164f5a718ec53c9874da0"},
    {file = "grpcio-1.59.3-cp38-cp38-win_amd64.whl", hash = "sha256:cdbc6b32fadab9bebc6f49d3e7ec4c70983c71e965497adab7f87de218e84391"},
    {file = "grpcio-1.59.3-cp39-cp39-linux_armv7l.whl", hash = "sha256:c82ca1e4be24a98a253d6dbaa216542e4163f33f38163fc77964b0f0d255b552"},
    {file = "grpcio-1.59.3-cp39-cp39-macosx_10_10_universal2.whl", hash = "sha256:36636babfda14f9e9687f28d5b66d349cf88c1301154dc71c6513de2b6c88c59"},
    {file = "grpcio-1.59.3-cp39-cp39-manylinux_2_17_aarch64.whl", hash = "sha256:5f9b2e591da751ac7fdd316cc25afafb7a626dededa9b414f90faad7f3ccebdb"},
    {file = "grpcio-1.59.3-cp39-cp39-manylinux_2_17_i686.manylinux2014_i686.whl", hash = "sha256:a93a82876a4926bf451db82ceb725bd87f42292bacc94586045261f501a86994"},
    {file = "grpcio-1.59.3-cp39-cp39-manylinux_2_17_x86_64.manylinux2014_x86_64.whl", hash = "sha256:ce31fa0bfdd1f2bb15b657c16105c8652186eab304eb512e6ae3b99b2fdd7d13"},
    {file = "grpcio-1.59.3-cp39-cp39-musllinux_1_1_i686.whl", hash = "sha256:16da0e40573962dab6cba16bec31f25a4f468e6d05b658e589090fe103b03e3d"},
    {file = "grpcio-1.59.3-cp39-cp39-musllinux_1_1_x86_64.whl", hash = "sha256:d1d1a17372fd425addd5812049fa7374008ffe689585f27f802d0935522cf4b7"},
    {file = "grpcio-1.59.3-cp39-cp39-win32.whl", hash = "sha256:52cc38a7241b5f7b4a91aaf9000fdd38e26bb00d5e8a71665ce40cfcee716281"},
    {file = "grpcio-1.59.3-cp39-cp39-win_amd64.whl", hash = "sha256:b491e5bbcad3020a96842040421e508780cade35baba30f402df9d321d1c423e"},
    {file = "grpcio-1.59.3.tar.gz", hash = "sha256:7800f99568a74a06ebdccd419dd1b6e639b477dcaf6da77ea702f8fb14ce5f80"},
]

[package.extras]
protobuf = ["grpcio-tools (>=1.59.3)"]

[[package]]
name = "grpcio-tools"
version = "1.59.3"
description = "Protobuf code generator for gRPC"
optional = false
python-versions = ">=3.7"
files = [
    {file = "grpcio-tools-1.59.3.tar.gz", hash = "sha256:cd160ac4281cd1ae77a2c880377a7728349340b4c91e24285037b57c18e9f651"},
    {file = "grpcio_tools-1.59.3-cp310-cp310-linux_armv7l.whl", hash = "sha256:17017fe74734c158e0f93817f1ff17aeda37d0f105ed6e63b12c26b66743a7a8"},
    {file = "grpcio_tools-1.59.3-cp310-cp310-macosx_12_0_universal2.whl", hash = "sha256:ac1013e4f84ffd15c45ead6d19c9d188b76c14466a799aa9c338ce3b9ebf6dcc"},
    {file = "grpcio_tools-1.59.3-cp310-cp310-manylinux_2_17_aarch64.whl", hash = "sha256:0a5d760619305eb51a8719ce9c081398f145a46bc7c86a6e2cebe0648a21f40c"},
    {file = "grpcio_tools-1.59.3-cp310-cp310-manylinux_2_17_i686.manylinux2014_i686.whl", hash = "sha256:de3d9649b7a3091ec785a67d5bf006584440f03896ee52259c6d9ff412d08afb"},
    {file = "grpcio_tools-1.59.3-cp310-cp310-manylinux_2_17_x86_64.manylinux2014_x86_64.whl", hash = "sha256:21868aa510317d3f39e5de40208ffb8ab1beb1cbcab333317939b59a9b5db055"},
    {file = "grpcio_tools-1.59.3-cp310-cp310-musllinux_1_1_i686.whl", hash = "sha256:0b116a888580317e421358f26bfaeec47d6f73079e8a47bad60d1f9f7b30f2a5"},
    {file = "grpcio_tools-1.59.3-cp310-cp310-musllinux_1_1_x86_64.whl", hash = "sha256:6bd4a72c27abda191e2360b2b720ada1880aba96a63604a6f9d7c37bb3bbf5c4"},
    {file = "grpcio_tools-1.59.3-cp310-cp310-win32.whl", hash = "sha256:d70cad744e92c7576c226a72998ae8dd59240c942f73798bbde40284eb9eb991"},
    {file = "grpcio_tools-1.59.3-cp310-cp310-win_amd64.whl", hash = "sha256:2b8a4aca0c11f2a8b3bfe103362984bdc427ab762428446ef2e12922fd48ee10"},
    {file = "grpcio_tools-1.59.3-cp311-cp311-linux_armv7l.whl", hash = "sha256:b4418b78408ff56ee70a0b14484c07f5e48c2e6f4fa7be390d486a686d0cd6e4"},
    {file = "grpcio_tools-1.59.3-cp311-cp311-macosx_10_10_universal2.whl", hash = "sha256:58de83ced4f86458f45288a5f76d9765dc245a9ce4e783a194decccc7e0674ea"},
    {file = "grpcio_tools-1.59.3-cp311-cp311-manylinux_2_17_aarch64.whl", hash = "sha256:76b0cdcbcb38722840d3eaff6439ddb4b8f0210c6718553d7b7c911834b10e60"},
    {file = "grpcio_tools-1.59.3-cp311-cp311-manylinux_2_17_i686.manylinux2014_i686.whl", hash = "sha256:a0cacf59513b100bfb3d8de51ba43db6140aa9bcb7bba872badb48acb430c002"},
    {file = "grpcio_tools-1.59.3-cp311-cp311-manylinux_2_17_x86_64.manylinux2014_x86_64.whl", hash = "sha256:019fdd986c80b13187574c291df5054f241bdbe87dbc86e4cee73ffa28328647"},
    {file = "grpcio_tools-1.59.3-cp311-cp311-musllinux_1_1_i686.whl", hash = "sha256:ff304b9d6c23d8e2ecc860bebac1ec6768a2d920985bcea9ce4a7aaeeea44f76"},
    {file = "grpcio_tools-1.59.3-cp311-cp311-musllinux_1_1_x86_64.whl", hash = "sha256:ca286affe613beaf2d5a6b8bd83203dcf488917194b416da48aa849047b5f081"},
    {file = "grpcio_tools-1.59.3-cp311-cp311-win32.whl", hash = "sha256:8f69141ff370729ceaad0286b8c6e15352c9bb39aa8f18c0500ce3d0238c2981"},
    {file = "grpcio_tools-1.59.3-cp311-cp311-win_amd64.whl", hash = "sha256:05ec4ffe16b6eab12813476e6d7465a0027bee33999d4776ae1d9c0664d0fc54"},
    {file = "grpcio_tools-1.59.3-cp312-cp312-linux_armv7l.whl", hash = "sha256:21d976419630f72a7cefebe7dcfc451b33d70c805a43ff5a60c43367813f0527"},
    {file = "grpcio_tools-1.59.3-cp312-cp312-macosx_10_10_universal2.whl", hash = "sha256:396106f92ea6ab2157535e1a009bac99aa15680ca8addbc8e7c1a4d3f5b1fb2c"},
    {file = "grpcio_tools-1.59.3-cp312-cp312-manylinux_2_17_aarch64.whl", hash = "sha256:4f064483e0046a4a193d6c67b26ea0f61737e8232ff61636a7fa0bc5244458be"},
    {file = "grpcio_tools-1.59.3-cp312-cp312-manylinux_2_17_i686.manylinux2014_i686.whl", hash = "sha256:a6dc6da8e3780df25095c1952f45c334e1554f25b991ffe75dbf0408795d27a0"},
    {file = "grpcio_tools-1.59.3-cp312-cp312-manylinux_2_17_x86_64.manylinux2014_x86_64.whl", hash = "sha256:87111be05c1a159ce3fffbfad86ff69fd4bf1702cde127eb698d8e8c3a018ab6"},
    {file = "grpcio_tools-1.59.3-cp312-cp312-musllinux_1_1_i686.whl", hash = "sha256:83453a13c2120238eb7fb993b03b370496e76071a7b45c816aa682d9226d29c1"},
    {file = "grpcio_tools-1.59.3-cp312-cp312-musllinux_1_1_x86_64.whl", hash = "sha256:4384b29d8e126bc6e24a5efd9d60a2a2015867c7109fa67ff2ed274b3f4a05c5"},
    {file = "grpcio_tools-1.59.3-cp312-cp312-win32.whl", hash = "sha256:ce1372c9acde9d74c7e54858598ac0c5203dd3ec24b9085f7a8b2f33cc156736"},
    {file = "grpcio_tools-1.59.3-cp312-cp312-win_amd64.whl", hash = "sha256:84179e3a7c9067e993700b3255f2adc10e9b16e8dd28525d1dd1a02b9ca603ee"},
    {file = "grpcio_tools-1.59.3-cp37-cp37m-linux_armv7l.whl", hash = "sha256:592208a9a02df75993cc4dba111d2b81f0e6a3f3837856be239e1aceb6651f31"},
    {file = "grpcio_tools-1.59.3-cp37-cp37m-macosx_10_10_universal2.whl", hash = "sha256:1abe30ce770ac4fed966d017771fa7f8ced6a279de7ce68023e2c07f07911e76"},
    {file = "grpcio_tools-1.59.3-cp37-cp37m-manylinux_2_17_aarch64.whl", hash = "sha256:4dce57668e2aa8c3bb0b2a0bb766a2654ee0f4d8d31e02a6001e98af18569285"},
    {file = "grpcio_tools-1.59.3-cp37-cp37m-manylinux_2_17_i686.manylinux2014_i686.whl", hash = "sha256:acaefd3c362250a02cc93fc1b5440e3cb30ab8d7fd81594b2975ea19f123aae3"},
    {file = "grpcio_tools-1.59.3-cp37-cp37m-manylinux_2_17_x86_64.manylinux2014_x86_64.whl", hash = "sha256:76542e1c11e3f2c22c19cff6b3233caab35924fad1f685ce63184d31b4050fa8"},
    {file = "grpcio_tools-1.59.3-cp37-cp37m-musllinux_1_1_i686.whl", hash = "sha256:64fd1efb23da054f61aca2346c5139f317b7f4c545f6dbda5ec246f281af8e86"},
    {file = "grpcio_tools-1.59.3-cp37-cp37m-musllinux_1_1_x86_64.whl", hash = "sha256:ea6454acde508c9a62dab3f59e98b32e32b26aa60df20080982503bb7db51304"},
    {file = "grpcio_tools-1.59.3-cp37-cp37m-win_amd64.whl", hash = "sha256:a048d4bde526f3c6e364abea2c3a481f3bbebc4bfa7fdcfcc3e5ee4f8ab9c4c5"},
    {file = "grpcio_tools-1.59.3-cp38-cp38-linux_armv7l.whl", hash = "sha256:b4db59a62d31c98105af08b1bfb8878c239e4cf31088f2d9864756cdfec67746"},
    {file = "grpcio_tools-1.59.3-cp38-cp38-macosx_10_10_universal2.whl", hash = "sha256:05ac0f6683759e5508081c09af26cb6cc949c2c54d75ff8b76344709f78dda53"},
    {file = "grpcio_tools-1.59.3-cp38-cp38-manylinux_2_17_aarch64.whl", hash = "sha256:a031e1ced828a00f1eb59db5f5d4dd39d3bd6a7df8187f84830d4a32a1bbc686"},
    {file = "grpcio_tools-1.59.3-cp38-cp38-manylinux_2_17_i686.manylinux2014_i686.whl", hash = "sha256:f48b4409b306675b7673dad725c9cf3234bf05623bf8a193ad14af39d0368ba6"},
    {file = "grpcio_tools-1.59.3-cp38-cp38-manylinux_2_17_x86_64.manylinux2014_x86_64.whl", hash = "sha256:36524d97cc936767a69815b90be76a1420b3218a7724ce69cde6ece794e72a17"},
    {file = "grpcio_tools-1.59.3-cp38-cp38-musllinux_1_1_i686.whl", hash = "sha256:7cc7e8b893a6c37a8a28735fede1aa40275988a668d1e22c5f234938a77d811d"},
    {file = "grpcio_tools-1.59.3-cp38-cp38-musllinux_1_1_x86_64.whl", hash = "sha256:917be645a71cf9592d2f5a3589c20c074a6539954017e8e2dca5e8ba13025625"},
    {file = "grpcio_tools-1.59.3-cp38-cp38-win32.whl", hash = "sha256:a1394b7a65d738ee0ce4eac1fc95158dd9c97b5c3f690d259e6ee0bf131697de"},
    {file = "grpcio_tools-1.59.3-cp38-cp38-win_amd64.whl", hash = "sha256:007745bd3c5a788dcb73eeb6cd773613a834bd2442e7d062dcafe46dbd4bb5f6"},
    {file = "grpcio_tools-1.59.3-cp39-cp39-linux_armv7l.whl", hash = "sha256:102b5f14a500dbb766f24a96884d9572a3ea7a56d69695461100fb71ec922ef6"},
    {file = "grpcio_tools-1.59.3-cp39-cp39-macosx_10_10_universal2.whl", hash = "sha256:46c384a0e30a8422a3e2c5530b3cd69b652dd659549907e2eaac7ca4e0ab614d"},
    {file = "grpcio_tools-1.59.3-cp39-cp39-manylinux_2_17_aarch64.whl", hash = "sha256:ee013da4f5a4ef50fdeca372470733bc402677a4dc0023ee94bf42478b5a620d"},
    {file = "grpcio_tools-1.59.3-cp39-cp39-manylinux_2_17_i686.manylinux2014_i686.whl", hash = "sha256:4b7883ce3d532c09f29c016fdac107f9a3dc43f9e6b60faf8b91fcba21824269"},
    {file = "grpcio_tools-1.59.3-cp39-cp39-manylinux_2_17_x86_64.manylinux2014_x86_64.whl", hash = "sha256:2861e4814ebc147854c2246092c433931f4c15f3c8105ae8716b1e282313a5ae"},
    {file = "grpcio_tools-1.59.3-cp39-cp39-musllinux_1_1_i686.whl", hash = "sha256:d93590a6a82469f3e58e39692230d99c43a39b215cb581e072dcd52286471152"},
    {file = "grpcio_tools-1.59.3-cp39-cp39-musllinux_1_1_x86_64.whl", hash = "sha256:f8396183e6e0a16178773963dc21b58c0c532783476fda314198a9e42f57af7d"},
    {file = "grpcio_tools-1.59.3-cp39-cp39-win32.whl", hash = "sha256:6747b1d82d08e0f5e1a6438532343a1c5504147d1a199c5756e702e5f916de4c"},
    {file = "grpcio_tools-1.59.3-cp39-cp39-win_amd64.whl", hash = "sha256:3a560dcb176dd42c37af5d37299e318341a572547e32b942247daa834d2164c0"},
]

[package.dependencies]
grpcio = ">=1.59.3"
protobuf = ">=4.21.6,<5.0dev"
setuptools = "*"

[[package]]
name = "h11"
version = "0.14.0"
description = "A pure-Python, bring-your-own-I/O implementation of HTTP/1.1"
optional = false
python-versions = ">=3.7"
files = [
    {file = "h11-0.14.0-py3-none-any.whl", hash = "sha256:e3fe4ac4b851c468cc8363d500db52c2ead036020723024a109d37346efaa761"},
    {file = "h11-0.14.0.tar.gz", hash = "sha256:8f19fbbe99e72420ff35c00b27a34cb9937e902a8b810e2c88300c6f0a3b699d"},
]

[[package]]
name = "h2"
version = "4.1.0"
description = "HTTP/2 State-Machine based protocol implementation"
optional = false
python-versions = ">=3.6.1"
files = [
    {file = "h2-4.1.0-py3-none-any.whl", hash = "sha256:03a46bcf682256c95b5fd9e9a99c1323584c3eec6440d379b9903d709476bc6d"},
    {file = "h2-4.1.0.tar.gz", hash = "sha256:a83aca08fbe7aacb79fec788c9c0bac936343560ed9ec18b82a13a12c28d2abb"},
]

[package.dependencies]
hpack = ">=4.0,<5"
hyperframe = ">=6.0,<7"

[[package]]
name = "hpack"
version = "4.0.0"
description = "Pure-Python HPACK header compression"
optional = false
python-versions = ">=3.6.1"
files = [
    {file = "hpack-4.0.0-py3-none-any.whl", hash = "sha256:84a076fad3dc9a9f8063ccb8041ef100867b1878b25ef0ee63847a5d53818a6c"},
    {file = "hpack-4.0.0.tar.gz", hash = "sha256:fc41de0c63e687ebffde81187a948221294896f6bdc0ae2312708df339430095"},
]

[[package]]
name = "httpcore"
version = "1.0.2"
description = "A minimal low-level HTTP client."
optional = false
python-versions = ">=3.8"
files = [
    {file = "httpcore-1.0.2-py3-none-any.whl", hash = "sha256:096cc05bca73b8e459a1fc3dcf585148f63e534eae4339559c9b8a8d6399acc7"},
    {file = "httpcore-1.0.2.tar.gz", hash = "sha256:9fc092e4799b26174648e54b74ed5f683132a464e95643b226e00c2ed2fa6535"},
]

[package.dependencies]
certifi = "*"
h11 = ">=0.13,<0.15"

[package.extras]
asyncio = ["anyio (>=4.0,<5.0)"]
http2 = ["h2 (>=3,<5)"]
socks = ["socksio (==1.*)"]
trio = ["trio (>=0.22.0,<0.23.0)"]

[[package]]
name = "httpx"
version = "0.25.2"
description = "The next generation HTTP client."
optional = false
python-versions = ">=3.8"
files = [
    {file = "httpx-0.25.2-py3-none-any.whl", hash = "sha256:a05d3d052d9b2dfce0e3896636467f8a5342fb2b902c819428e1ac65413ca118"},
    {file = "httpx-0.25.2.tar.gz", hash = "sha256:8b8fcaa0c8ea7b05edd69a094e63a2094c4efcb48129fb757361bc423c0ad9e8"},
]

[package.dependencies]
anyio = "*"
certifi = "*"
h2 = {version = ">=3,<5", optional = true, markers = "extra == \"http2\""}
httpcore = "==1.*"
idna = "*"
sniffio = "*"

[package.extras]
brotli = ["brotli", "brotlicffi"]
cli = ["click (==8.*)", "pygments (==2.*)", "rich (>=10,<14)"]
http2 = ["h2 (>=3,<5)"]
socks = ["socksio (==1.*)"]

[[package]]
name = "hyperframe"
version = "6.0.1"
description = "HTTP/2 framing layer for Python"
optional = false
python-versions = ">=3.6.1"
files = [
    {file = "hyperframe-6.0.1-py3-none-any.whl", hash = "sha256:0ec6bafd80d8ad2195c4f03aacba3a8265e57bc4cff261e802bf39970ed02a15"},
    {file = "hyperframe-6.0.1.tar.gz", hash = "sha256:ae510046231dc8e9ecb1a6586f63d2347bf4c8905914aa84ba585ae85f28a914"},
]

[[package]]
name = "idna"
version = "3.6"
description = "Internationalized Domain Names in Applications (IDNA)"
optional = false
python-versions = ">=3.5"
files = [
    {file = "idna-3.6-py3-none-any.whl", hash = "sha256:c05567e9c24a6b9faaa835c4821bad0590fbb9d5779e7caa6e1cc4978e7eb24f"},
    {file = "idna-3.6.tar.gz", hash = "sha256:9ecdbbd083b06798ae1e86adcbfe8ab1479cf864e4ee30fe4e46a003d12491ca"},
]

[[package]]
name = "numpy"
version = "1.26.2"
description = "Fundamental package for array computing in Python"
optional = false
python-versions = ">=3.9"
files = [
    {file = "numpy-1.26.2-cp310-cp310-macosx_10_9_x86_64.whl", hash = "sha256:3703fc9258a4a122d17043e57b35e5ef1c5a5837c3db8be396c82e04c1cf9b0f"},
    {file = "numpy-1.26.2-cp310-cp310-macosx_11_0_arm64.whl", hash = "sha256:cc392fdcbd21d4be6ae1bb4475a03ce3b025cd49a9be5345d76d7585aea69440"},
    {file = "numpy-1.26.2-cp310-cp310-manylinux_2_17_aarch64.manylinux2014_aarch64.whl", hash = "sha256:36340109af8da8805d8851ef1d74761b3b88e81a9bd80b290bbfed61bd2b4f75"},
    {file = "numpy-1.26.2-cp310-cp310-manylinux_2_17_x86_64.manylinux2014_x86_64.whl", hash = "sha256:bcc008217145b3d77abd3e4d5ef586e3bdfba8fe17940769f8aa09b99e856c00"},
    {file = "numpy-1.26.2-cp310-cp310-musllinux_1_1_aarch64.whl", hash = "sha256:3ced40d4e9e18242f70dd02d739e44698df3dcb010d31f495ff00a31ef6014fe"},
    {file = "numpy-1.26.2-cp310-cp310-musllinux_1_1_x86_64.whl", hash = "sha256:b272d4cecc32c9e19911891446b72e986157e6a1809b7b56518b4f3755267523"},
    {file = "numpy-1.26.2-cp310-cp310-win32.whl", hash = "sha256:22f8fc02fdbc829e7a8c578dd8d2e15a9074b630d4da29cda483337e300e3ee9"},
    {file = "numpy-1.26.2-cp310-cp310-win_amd64.whl", hash = "sha256:26c9d33f8e8b846d5a65dd068c14e04018d05533b348d9eaeef6c1bd787f9919"},
    {file = "numpy-1.26.2-cp311-cp311-macosx_10_9_x86_64.whl", hash = "sha256:b96e7b9c624ef3ae2ae0e04fa9b460f6b9f17ad8b4bec6d7756510f1f6c0c841"},
    {file = "numpy-1.26.2-cp311-cp311-macosx_11_0_arm64.whl", hash = "sha256:aa18428111fb9a591d7a9cc1b48150097ba6a7e8299fb56bdf574df650e7d1f1"},
    {file = "numpy-1.26.2-cp311-cp311-manylinux_2_17_aarch64.manylinux2014_aarch64.whl", hash = "sha256:06fa1ed84aa60ea6ef9f91ba57b5ed963c3729534e6e54055fc151fad0423f0a"},
    {file = "numpy-1.26.2-cp311-cp311-manylinux_2_17_x86_64.manylinux2014_x86_64.whl", hash = "sha256:96ca5482c3dbdd051bcd1fce8034603d6ebfc125a7bd59f55b40d8f5d246832b"},
    {file = "numpy-1.26.2-cp311-cp311-musllinux_1_1_aarch64.whl", hash = "sha256:854ab91a2906ef29dc3925a064fcd365c7b4da743f84b123002f6139bcb3f8a7"},
    {file = "numpy-1.26.2-cp311-cp311-musllinux_1_1_x86_64.whl", hash = "sha256:f43740ab089277d403aa07567be138fc2a89d4d9892d113b76153e0e412409f8"},
    {file = "numpy-1.26.2-cp311-cp311-win32.whl", hash = "sha256:a2bbc29fcb1771cd7b7425f98b05307776a6baf43035d3b80c4b0f29e9545186"},
    {file = "numpy-1.26.2-cp311-cp311-win_amd64.whl", hash = "sha256:2b3fca8a5b00184828d12b073af4d0fc5fdd94b1632c2477526f6bd7842d700d"},
    {file = "numpy-1.26.2-cp312-cp312-macosx_10_9_x86_64.whl", hash = "sha256:a4cd6ed4a339c21f1d1b0fdf13426cb3b284555c27ac2f156dfdaaa7e16bfab0"},
    {file = "numpy-1.26.2-cp312-cp312-macosx_11_0_arm64.whl", hash = "sha256:5d5244aabd6ed7f312268b9247be47343a654ebea52a60f002dc70c769048e75"},
    {file = "numpy-1.26.2-cp312-cp312-manylinux_2_17_aarch64.manylinux2014_aarch64.whl", hash = "sha256:6a3cdb4d9c70e6b8c0814239ead47da00934666f668426fc6e94cce869e13fd7"},
    {file = "numpy-1.26.2-cp312-cp312-manylinux_2_17_x86_64.manylinux2014_x86_64.whl", hash = "sha256:aa317b2325f7aa0a9471663e6093c210cb2ae9c0ad824732b307d2c51983d5b6"},
    {file = "numpy-1.26.2-cp312-cp312-musllinux_1_1_aarch64.whl", hash = "sha256:174a8880739c16c925799c018f3f55b8130c1f7c8e75ab0a6fa9d41cab092fd6"},
    {file = "numpy-1.26.2-cp312-cp312-musllinux_1_1_x86_64.whl", hash = "sha256:f79b231bf5c16b1f39c7f4875e1ded36abee1591e98742b05d8a0fb55d8a3eec"},
    {file = "numpy-1.26.2-cp312-cp312-win32.whl", hash = "sha256:4a06263321dfd3598cacb252f51e521a8cb4b6df471bb12a7ee5cbab20ea9167"},
    {file = "numpy-1.26.2-cp312-cp312-win_amd64.whl", hash = "sha256:b04f5dc6b3efdaab541f7857351aac359e6ae3c126e2edb376929bd3b7f92d7e"},
    {file = "numpy-1.26.2-cp39-cp39-macosx_10_9_x86_64.whl", hash = "sha256:4eb8df4bf8d3d90d091e0146f6c28492b0be84da3e409ebef54349f71ed271ef"},
    {file = "numpy-1.26.2-cp39-cp39-macosx_11_0_arm64.whl", hash = "sha256:1a13860fdcd95de7cf58bd6f8bc5a5ef81c0b0625eb2c9a783948847abbef2c2"},
    {file = "numpy-1.26.2-cp39-cp39-manylinux_2_17_aarch64.manylinux2014_aarch64.whl", hash = "sha256:64308ebc366a8ed63fd0bf426b6a9468060962f1a4339ab1074c228fa6ade8e3"},
    {file = "numpy-1.26.2-cp39-cp39-manylinux_2_17_x86_64.manylinux2014_x86_64.whl", hash = "sha256:baf8aab04a2c0e859da118f0b38617e5ee65d75b83795055fb66c0d5e9e9b818"},
    {file = "numpy-1.26.2-cp39-cp39-musllinux_1_1_aarch64.whl", hash = "sha256:d73a3abcac238250091b11caef9ad12413dab01669511779bc9b29261dd50210"},
    {file = "numpy-1.26.2-cp39-cp39-musllinux_1_1_x86_64.whl", hash = "sha256:b361d369fc7e5e1714cf827b731ca32bff8d411212fccd29ad98ad622449cc36"},
    {file = "numpy-1.26.2-cp39-cp39-win32.whl", hash = "sha256:bd3f0091e845164a20bd5a326860c840fe2af79fa12e0469a12768a3ec578d80"},
    {file = "numpy-1.26.2-cp39-cp39-win_amd64.whl", hash = "sha256:2beef57fb031dcc0dc8fa4fe297a742027b954949cabb52a2a376c144e5e6060"},
    {file = "numpy-1.26.2-pp39-pypy39_pp73-macosx_10_9_x86_64.whl", hash = "sha256:1cc3d5029a30fb5f06704ad6b23b35e11309491c999838c31f124fee32107c79"},
    {file = "numpy-1.26.2-pp39-pypy39_pp73-manylinux_2_17_x86_64.manylinux2014_x86_64.whl", hash = "sha256:94cc3c222bb9fb5a12e334d0479b97bb2df446fbe622b470928f5284ffca3f8d"},
    {file = "numpy-1.26.2-pp39-pypy39_pp73-win_amd64.whl", hash = "sha256:fe6b44fb8fcdf7eda4ef4461b97b3f63c466b27ab151bec2366db8b197387841"},
    {file = "numpy-1.26.2.tar.gz", hash = "sha256:f65738447676ab5777f11e6bbbdb8ce11b785e105f690bc45966574816b6d3ea"},
]

[[package]]
name = "openai"
version = "1.3.7"
description = "The official Python library for the openai API"
optional = false
python-versions = ">=3.7.1"
files = [
    {file = "openai-1.3.7-py3-none-any.whl", hash = "sha256:e5c51367a910297e4d1cd33d2298fb87d7edf681edbe012873925ac16f95bee0"},
    {file = "openai-1.3.7.tar.gz", hash = "sha256:18074a0f51f9b49d1ae268c7abc36f7f33212a0c0d08ce11b7053ab2d17798de"},
]

[package.dependencies]
anyio = ">=3.5.0,<4"
distro = ">=1.7.0,<2"
httpx = ">=0.23.0,<1"
pydantic = ">=1.9.0,<3"
sniffio = "*"
tqdm = ">4"
typing-extensions = ">=4.5,<5"

[package.extras]
datalib = ["numpy (>=1)", "pandas (>=1.2.3)", "pandas-stubs (>=1.1.0.11)"]

[[package]]
name = "portalocker"
version = "2.8.2"
description = "Wraps the portalocker recipe for easy usage"
optional = false
python-versions = ">=3.8"
files = [
    {file = "portalocker-2.8.2-py3-none-any.whl", hash = "sha256:cfb86acc09b9aa7c3b43594e19be1345b9d16af3feb08bf92f23d4dce513a28e"},
    {file = "portalocker-2.8.2.tar.gz", hash = "sha256:2b035aa7828e46c58e9b31390ee1f169b98e1066ab10b9a6a861fe7e25ee4f33"},
]

[package.dependencies]
pywin32 = {version = ">=226", markers = "platform_system == \"Windows\""}

[package.extras]
docs = ["sphinx (>=1.7.1)"]
redis = ["redis"]
tests = ["pytest (>=5.4.1)", "pytest-cov (>=2.8.1)", "pytest-mypy (>=0.8.0)", "pytest-timeout (>=2.1.0)", "redis", "sphinx (>=6.0.0)", "types-redis"]

[[package]]
name = "protobuf"
version = "4.25.1"
description = ""
optional = false
python-versions = ">=3.8"
files = [
    {file = "protobuf-4.25.1-cp310-abi3-win32.whl", hash = "sha256:193f50a6ab78a970c9b4f148e7c750cfde64f59815e86f686c22e26b4fe01ce7"},
    {file = "protobuf-4.25.1-cp310-abi3-win_amd64.whl", hash = "sha256:3497c1af9f2526962f09329fd61a36566305e6c72da2590ae0d7d1322818843b"},
    {file = "protobuf-4.25.1-cp37-abi3-macosx_10_9_universal2.whl", hash = "sha256:0bf384e75b92c42830c0a679b0cd4d6e2b36ae0cf3dbb1e1dfdda48a244f4bcd"},
    {file = "protobuf-4.25.1-cp37-abi3-manylinux2014_aarch64.whl", hash = "sha256:0f881b589ff449bf0b931a711926e9ddaad3b35089cc039ce1af50b21a4ae8cb"},
    {file = "protobuf-4.25.1-cp37-abi3-manylinux2014_x86_64.whl", hash = "sha256:ca37bf6a6d0046272c152eea90d2e4ef34593aaa32e8873fc14c16440f22d4b7"},
    {file = "protobuf-4.25.1-cp38-cp38-win32.whl", hash = "sha256:abc0525ae2689a8000837729eef7883b9391cd6aa7950249dcf5a4ede230d5dd"},
    {file = "protobuf-4.25.1-cp38-cp38-win_amd64.whl", hash = "sha256:1484f9e692091450e7edf418c939e15bfc8fc68856e36ce399aed6889dae8bb0"},
    {file = "protobuf-4.25.1-cp39-cp39-win32.whl", hash = "sha256:8bdbeaddaac52d15c6dce38c71b03038ef7772b977847eb6d374fc86636fa510"},
    {file = "protobuf-4.25.1-cp39-cp39-win_amd64.whl", hash = "sha256:becc576b7e6b553d22cbdf418686ee4daa443d7217999125c045ad56322dda10"},
    {file = "protobuf-4.25.1-py3-none-any.whl", hash = "sha256:a19731d5e83ae4737bb2a089605e636077ac001d18781b3cf489b9546c7c80d6"},
    {file = "protobuf-4.25.1.tar.gz", hash = "sha256:57d65074b4f5baa4ab5da1605c02be90ac20c8b40fb137d6a8df9f416b0d0ce2"},
]

[[package]]
name = "pydantic"
version = "1.10.12"
description = "Data validation and settings management using python type hints"
optional = false
python-versions = ">=3.7"
files = [
    {file = "pydantic-1.10.12-cp310-cp310-macosx_10_9_x86_64.whl", hash = "sha256:a1fcb59f2f355ec350073af41d927bf83a63b50e640f4dbaa01053a28b7a7718"},
    {file = "pydantic-1.10.12-cp310-cp310-macosx_11_0_arm64.whl", hash = "sha256:b7ccf02d7eb340b216ec33e53a3a629856afe1c6e0ef91d84a4e6f2fb2ca70fe"},
    {file = "pydantic-1.10.12-cp310-cp310-manylinux_2_17_x86_64.manylinux2014_x86_64.whl", hash = "sha256:8fb2aa3ab3728d950bcc885a2e9eff6c8fc40bc0b7bb434e555c215491bcf48b"},
    {file = "pydantic-1.10.12-cp310-cp310-manylinux_2_5_i686.manylinux1_i686.manylinux_2_17_i686.manylinux2014_i686.whl", hash = "sha256:771735dc43cf8383959dc9b90aa281f0b6092321ca98677c5fb6125a6f56d58d"},
    {file = "pydantic-1.10.12-cp310-cp310-musllinux_1_1_i686.whl", hash = "sha256:ca48477862372ac3770969b9d75f1bf66131d386dba79506c46d75e6b48c1e09"},
    {file = "pydantic-1.10.12-cp310-cp310-musllinux_1_1_x86_64.whl", hash = "sha256:a5e7add47a5b5a40c49b3036d464e3c7802f8ae0d1e66035ea16aa5b7a3923ed"},
    {file = "pydantic-1.10.12-cp310-cp310-win_amd64.whl", hash = "sha256:e4129b528c6baa99a429f97ce733fff478ec955513630e61b49804b6cf9b224a"},
    {file = "pydantic-1.10.12-cp311-cp311-macosx_10_9_x86_64.whl", hash = "sha256:b0d191db0f92dfcb1dec210ca244fdae5cbe918c6050b342d619c09d31eea0cc"},
    {file = "pydantic-1.10.12-cp311-cp311-macosx_11_0_arm64.whl", hash = "sha256:795e34e6cc065f8f498c89b894a3c6da294a936ee71e644e4bd44de048af1405"},
    {file = "pydantic-1.10.12-cp311-cp311-manylinux_2_17_x86_64.manylinux2014_x86_64.whl", hash = "sha256:69328e15cfda2c392da4e713443c7dbffa1505bc9d566e71e55abe14c97ddc62"},
    {file = "pydantic-1.10.12-cp311-cp311-manylinux_2_5_i686.manylinux1_i686.manylinux_2_17_i686.manylinux2014_i686.whl", hash = "sha256:2031de0967c279df0d8a1c72b4ffc411ecd06bac607a212892757db7462fc494"},
    {file = "pydantic-1.10.12-cp311-cp311-musllinux_1_1_i686.whl", hash = "sha256:ba5b2e6fe6ca2b7e013398bc7d7b170e21cce322d266ffcd57cca313e54fb246"},
    {file = "pydantic-1.10.12-cp311-cp311-musllinux_1_1_x86_64.whl", hash = "sha256:2a7bac939fa326db1ab741c9d7f44c565a1d1e80908b3797f7f81a4f86bc8d33"},
    {file = "pydantic-1.10.12-cp311-cp311-win_amd64.whl", hash = "sha256:87afda5539d5140cb8ba9e8b8c8865cb5b1463924d38490d73d3ccfd80896b3f"},
    {file = "pydantic-1.10.12-cp37-cp37m-macosx_10_9_x86_64.whl", hash = "sha256:549a8e3d81df0a85226963611950b12d2d334f214436a19537b2efed61b7639a"},
    {file = "pydantic-1.10.12-cp37-cp37m-manylinux_2_17_x86_64.manylinux2014_x86_64.whl", hash = "sha256:598da88dfa127b666852bef6d0d796573a8cf5009ffd62104094a4fe39599565"},
    {file = "pydantic-1.10.12-cp37-cp37m-manylinux_2_5_i686.manylinux1_i686.manylinux_2_17_i686.manylinux2014_i686.whl", hash = "sha256:ba5c4a8552bff16c61882db58544116d021d0b31ee7c66958d14cf386a5b5350"},
    {file = "pydantic-1.10.12-cp37-cp37m-musllinux_1_1_i686.whl", hash = "sha256:c79e6a11a07da7374f46970410b41d5e266f7f38f6a17a9c4823db80dadf4303"},
    {file = "pydantic-1.10.12-cp37-cp37m-musllinux_1_1_x86_64.whl", hash = "sha256:ab26038b8375581dc832a63c948f261ae0aa21f1d34c1293469f135fa92972a5"},
    {file = "pydantic-1.10.12-cp37-cp37m-win_amd64.whl", hash = "sha256:e0a16d274b588767602b7646fa05af2782576a6cf1022f4ba74cbb4db66f6ca8"},
    {file = "pydantic-1.10.12-cp38-cp38-macosx_10_9_x86_64.whl", hash = "sha256:6a9dfa722316f4acf4460afdf5d41d5246a80e249c7ff475c43a3a1e9d75cf62"},
    {file = "pydantic-1.10.12-cp38-cp38-macosx_11_0_arm64.whl", hash = "sha256:a73f489aebd0c2121ed974054cb2759af8a9f747de120acd2c3394cf84176ccb"},
    {file = "pydantic-1.10.12-cp38-cp38-manylinux_2_17_x86_64.manylinux2014_x86_64.whl", hash = "sha256:6b30bcb8cbfccfcf02acb8f1a261143fab622831d9c0989707e0e659f77a18e0"},
    {file = "pydantic-1.10.12-cp38-cp38-manylinux_2_5_i686.manylinux1_i686.manylinux_2_17_i686.manylinux2014_i686.whl", hash = "sha256:2fcfb5296d7877af406ba1547dfde9943b1256d8928732267e2653c26938cd9c"},
    {file = "pydantic-1.10.12-cp38-cp38-musllinux_1_1_i686.whl", hash = "sha256:2f9a6fab5f82ada41d56b0602606a5506aab165ca54e52bc4545028382ef1c5d"},
    {file = "pydantic-1.10.12-cp38-cp38-musllinux_1_1_x86_64.whl", hash = "sha256:dea7adcc33d5d105896401a1f37d56b47d443a2b2605ff8a969a0ed5543f7e33"},
    {file = "pydantic-1.10.12-cp38-cp38-win_amd64.whl", hash = "sha256:1eb2085c13bce1612da8537b2d90f549c8cbb05c67e8f22854e201bde5d98a47"},
    {file = "pydantic-1.10.12-cp39-cp39-macosx_10_9_x86_64.whl", hash = "sha256:ef6c96b2baa2100ec91a4b428f80d8f28a3c9e53568219b6c298c1125572ebc6"},
    {file = "pydantic-1.10.12-cp39-cp39-macosx_11_0_arm64.whl", hash = "sha256:6c076be61cd0177a8433c0adcb03475baf4ee91edf5a4e550161ad57fc90f523"},
    {file = "pydantic-1.10.12-cp39-cp39-manylinux_2_17_x86_64.manylinux2014_x86_64.whl", hash = "sha256:2d5a58feb9a39f481eda4d5ca220aa8b9d4f21a41274760b9bc66bfd72595b86"},
    {file = "pydantic-1.10.12-cp39-cp39-manylinux_2_5_i686.manylinux1_i686.manylinux_2_17_i686.manylinux2014_i686.whl", hash = "sha256:e5f805d2d5d0a41633651a73fa4ecdd0b3d7a49de4ec3fadf062fe16501ddbf1"},
    {file = "pydantic-1.10.12-cp39-cp39-musllinux_1_1_i686.whl", hash = "sha256:1289c180abd4bd4555bb927c42ee42abc3aee02b0fb2d1223fb7c6e5bef87dbe"},
    {file = "pydantic-1.10.12-cp39-cp39-musllinux_1_1_x86_64.whl", hash = "sha256:5d1197e462e0364906cbc19681605cb7c036f2475c899b6f296104ad42b9f5fb"},
    {file = "pydantic-1.10.12-cp39-cp39-win_amd64.whl", hash = "sha256:fdbdd1d630195689f325c9ef1a12900524dceb503b00a987663ff4f58669b93d"},
    {file = "pydantic-1.10.12-py3-none-any.whl", hash = "sha256:b749a43aa51e32839c9d71dc67eb1e4221bb04af1033a32e3923d46f9effa942"},
    {file = "pydantic-1.10.12.tar.gz", hash = "sha256:0fe8a415cea8f340e7a9af9c54fc71a649b43e8ca3cc732986116b3cb135d303"},
]

[package.dependencies]
typing-extensions = ">=4.2.0"

[package.extras]
dotenv = ["python-dotenv (>=0.10.4)"]
email = ["email-validator (>=1.0.3)"]

[[package]]
name = "pywin32"
version = "306"
description = "Python for Window Extensions"
optional = false
python-versions = "*"
files = [
    {file = "pywin32-306-cp310-cp310-win32.whl", hash = "sha256:06d3420a5155ba65f0b72f2699b5bacf3109f36acbe8923765c22938a69dfc8d"},
    {file = "pywin32-306-cp310-cp310-win_amd64.whl", hash = "sha256:84f4471dbca1887ea3803d8848a1616429ac94a4a8d05f4bc9c5dcfd42ca99c8"},
    {file = "pywin32-306-cp311-cp311-win32.whl", hash = "sha256:e65028133d15b64d2ed8f06dd9fbc268352478d4f9289e69c190ecd6818b6407"},
    {file = "pywin32-306-cp311-cp311-win_amd64.whl", hash = "sha256:a7639f51c184c0272e93f244eb24dafca9b1855707d94c192d4a0b4c01e1100e"},
    {file = "pywin32-306-cp311-cp311-win_arm64.whl", hash = "sha256:70dba0c913d19f942a2db25217d9a1b726c278f483a919f1abfed79c9cf64d3a"},
    {file = "pywin32-306-cp312-cp312-win32.whl", hash = "sha256:383229d515657f4e3ed1343da8be101000562bf514591ff383ae940cad65458b"},
    {file = "pywin32-306-cp312-cp312-win_amd64.whl", hash = "sha256:37257794c1ad39ee9be652da0462dc2e394c8159dfd913a8a4e8eb6fd346da0e"},
    {file = "pywin32-306-cp312-cp312-win_arm64.whl", hash = "sha256:5821ec52f6d321aa59e2db7e0a35b997de60c201943557d108af9d4ae1ec7040"},
    {file = "pywin32-306-cp37-cp37m-win32.whl", hash = "sha256:1c73ea9a0d2283d889001998059f5eaaba3b6238f767c9cf2833b13e6a685f65"},
    {file = "pywin32-306-cp37-cp37m-win_amd64.whl", hash = "sha256:72c5f621542d7bdd4fdb716227be0dd3f8565c11b280be6315b06ace35487d36"},
    {file = "pywin32-306-cp38-cp38-win32.whl", hash = "sha256:e4c092e2589b5cf0d365849e73e02c391c1349958c5ac3e9d5ccb9a28e017b3a"},
    {file = "pywin32-306-cp38-cp38-win_amd64.whl", hash = "sha256:e8ac1ae3601bee6ca9f7cb4b5363bf1c0badb935ef243c4733ff9a393b1690c0"},
    {file = "pywin32-306-cp39-cp39-win32.whl", hash = "sha256:e25fd5b485b55ac9c057f67d94bc203f3f6595078d1fb3b458c9c28b7153a802"},
    {file = "pywin32-306-cp39-cp39-win_amd64.whl", hash = "sha256:39b61c15272833b5c329a2989999dcae836b1eed650252ab1b7bfbe1d59f30f4"},
]

[[package]]
name = "qdrant-client"
version = "1.6.9"
description = "Client library for the Qdrant vector search engine"
optional = false
python-versions = ">=3.8,<3.13"
files = [
    {file = "qdrant_client-1.6.9-py3-none-any.whl", hash = "sha256:6546f96ceec389375e323586f0948a04183bd494c5c48d0f3daa267b358ad008"},
    {file = "qdrant_client-1.6.9.tar.gz", hash = "sha256:81affd66f50aa66d60835fe2f55efe727358bf9db24eada35ff1b32794a82159"},
]

[package.dependencies]
grpcio = ">=1.41.0"
grpcio-tools = ">=1.41.0"
httpx = {version = ">=0.14.0", extras = ["http2"]}
numpy = {version = ">=1.21", markers = "python_version >= \"3.8\" and python_version < \"3.12\""}
portalocker = ">=2.7.0,<3.0.0"
pydantic = ">=1.10.8"
urllib3 = ">=1.26.14,<2.0.0"

[package.extras]
fastembed = ["fastembed (==0.1.1)"]

[[package]]
name = "setuptools"
version = "69.0.2"
description = "Easily download, build, install, upgrade, and uninstall Python packages"
optional = false
python-versions = ">=3.8"
files = [
    {file = "setuptools-69.0.2-py3-none-any.whl", hash = "sha256:1e8fdff6797d3865f37397be788a4e3cba233608e9b509382a2777d25ebde7f2"},
    {file = "setuptools-69.0.2.tar.gz", hash = "sha256:735896e78a4742605974de002ac60562d286fa8051a7e2299445e8e8fbb01aa6"},
]

[package.extras]
docs = ["furo", "jaraco.packaging (>=9.3)", "jaraco.tidelift (>=1.4)", "pygments-github-lexers (==0.0.5)", "rst.linker (>=1.9)", "sphinx (<7.2.5)", "sphinx (>=3.5)", "sphinx-favicon", "sphinx-inline-tabs", "sphinx-lint", "sphinx-notfound-page (>=1,<2)", "sphinx-reredirects", "sphinxcontrib-towncrier"]
testing = ["build[virtualenv]", "filelock (>=3.4.0)", "flake8-2020", "ini2toml[lite] (>=0.9)", "jaraco.develop (>=7.21)", "jaraco.envs (>=2.2)", "jaraco.path (>=3.2.0)", "pip (>=19.1)", "pytest (>=6)", "pytest-black (>=0.3.7)", "pytest-checkdocs (>=2.4)", "pytest-cov", "pytest-enabler (>=2.2)", "pytest-mypy (>=0.9.1)", "pytest-perf", "pytest-ruff", "pytest-timeout", "pytest-xdist", "tomli-w (>=1.0.0)", "virtualenv (>=13.0.0)", "wheel"]
testing-integration = ["build[virtualenv] (>=1.0.3)", "filelock (>=3.4.0)", "jaraco.envs (>=2.2)", "jaraco.path (>=3.2.0)", "packaging (>=23.1)", "pytest", "pytest-enabler", "pytest-xdist", "tomli", "virtualenv (>=13.0.0)", "wheel"]

[[package]]
name = "sniffio"
version = "1.3.0"
description = "Sniff out which async library your code is running under"
optional = false
python-versions = ">=3.7"
files = [
    {file = "sniffio-1.3.0-py3-none-any.whl", hash = "sha256:eecefdce1e5bbfb7ad2eeaabf7c1eeb404d7757c379bd1f7e5cce9d8bf425384"},
    {file = "sniffio-1.3.0.tar.gz", hash = "sha256:e60305c5e5d314f5389259b7f22aaa33d8f7dee49763119234af3755c55b9101"},
]

[[package]]
name = "tqdm"
version = "4.66.1"
description = "Fast, Extensible Progress Meter"
optional = false
python-versions = ">=3.7"
files = [
    {file = "tqdm-4.66.1-py3-none-any.whl", hash = "sha256:d302b3c5b53d47bce91fea46679d9c3c6508cf6332229aa1e7d8653723793386"},
    {file = "tqdm-4.66.1.tar.gz", hash = "sha256:d88e651f9db8d8551a62556d3cff9e3034274ca5d66e93197cf2490e2dcb69c7"},
]

[package.dependencies]
colorama = {version = "*", markers = "platform_system == \"Windows\""}

[package.extras]
dev = ["pytest (>=6)", "pytest-cov", "pytest-timeout", "pytest-xdist"]
notebook = ["ipywidgets (>=6)"]
slack = ["slack-sdk"]
telegram = ["requests"]

[[package]]
name = "typing-extensions"
version = "4.8.0"
description = "Backported and Experimental Type Hints for Python 3.8+"
optional = false
python-versions = ">=3.8"
files = [
    {file = "typing_extensions-4.8.0-py3-none-any.whl", hash = "sha256:8f92fc8806f9a6b641eaa5318da32b44d401efaac0f6678c9bc448ba3605faa0"},
    {file = "typing_extensions-4.8.0.tar.gz", hash = "sha256:df8e4339e9cb77357558cbdbceca33c303714cf861d1eef15e1070055ae8b7ef"},
]

[[package]]
name = "urllib3"
version = "1.26.18"
description = "HTTP library with thread-safe connection pooling, file post, and more."
optional = false
python-versions = ">=2.7, !=3.0.*, !=3.1.*, !=3.2.*, !=3.3.*, !=3.4.*, !=3.5.*"
files = [
    {file = "urllib3-1.26.18-py2.py3-none-any.whl", hash = "sha256:34b97092d7e0a3a8cf7cd10e386f401b3737364026c45e622aa02903dffe0f07"},
    {file = "urllib3-1.26.18.tar.gz", hash = "sha256:f8ecc1bba5667413457c529ab955bf8c67b45db799d159066261719e328580a0"},
]

[package.extras]
brotli = ["brotli (==1.0.9)", "brotli (>=1.0.9)", "brotlicffi (>=0.8.0)", "brotlipy (>=0.6.0)"]
secure = ["certifi", "cryptography (>=1.3.4)", "idna (>=2.0.0)", "ipaddress", "pyOpenSSL (>=0.14)", "urllib3-secure-extra"]
socks = ["PySocks (>=1.5.6,!=1.5.7,<2.0)"]

[metadata]
lock-version = "2.0"
python-versions = ">=3.9,<3.12"
content-hash = "ccb0d6a26da3ef111491c10ed85c90eddcea9d4a7ae11bfb5da718d2f6a16f16"
